// !$*UTF8*$!
{
	archiveVersion = 1;
	classes = {
	};
	objectVersion = 46;
	objects = {

/* Begin PBXBuildFile section */
		00E356F31AD99517003FC87E /* StudentCompanionTests.m in Sources */ = {isa = PBXBuildFile; fileRef = 00E356F21AD99517003FC87E /* StudentCompanionTests.m */; };
		0B16F3C22DC7B42559D05BDF /* libPods-StudentCompanionTests.a in Frameworks */ = {isa = PBXBuildFile; fileRef = 873EA2E69699D81BEEB75030 /* libPods-StudentCompanionTests.a */; };
		13B07FBC1A68108700A75B9A /* AppDelegate.m in Sources */ = {isa = PBXBuildFile; fileRef = 13B07FB01A68108700A75B9A /* AppDelegate.m */; };
		13B07FBD1A68108700A75B9A /* LaunchScreen.xib in Resources */ = {isa = PBXBuildFile; fileRef = 13B07FB11A68108700A75B9A /* LaunchScreen.xib */; };
		13B07FBF1A68108700A75B9A /* Images.xcassets in Resources */ = {isa = PBXBuildFile; fileRef = 13B07FB51A68108700A75B9A /* Images.xcassets */; };
		13B07FC11A68108700A75B9A /* main.m in Sources */ = {isa = PBXBuildFile; fileRef = 13B07FB71A68108700A75B9A /* main.m */; };
		1FB1E2BEFD4F7C968CEC6E71 /* libPods-StudentCompanion-tvOS.a in Frameworks */ = {isa = PBXBuildFile; fileRef = C98185B7B3E0C0B5D595F9DE /* libPods-StudentCompanion-tvOS.a */; };
		2A4353A62323D8B40072A429 /* libRNGestureHandler.a in Frameworks */ = {isa = PBXBuildFile; fileRef = 2A4353A32323D8740072A429 /* libRNGestureHandler.a */; };
		2D02E4BC1E0B4A80006451C7 /* AppDelegate.m in Sources */ = {isa = PBXBuildFile; fileRef = 13B07FB01A68108700A75B9A /* AppDelegate.m */; };
		2D02E4BD1E0B4A84006451C7 /* Images.xcassets in Resources */ = {isa = PBXBuildFile; fileRef = 13B07FB51A68108700A75B9A /* Images.xcassets */; };
		2D02E4BF1E0B4AB3006451C7 /* main.m in Sources */ = {isa = PBXBuildFile; fileRef = 13B07FB71A68108700A75B9A /* main.m */; };
		2DCD954D1E0B4F2C00145EB5 /* StudentCompanionTests.m in Sources */ = {isa = PBXBuildFile; fileRef = 00E356F21AD99517003FC87E /* StudentCompanionTests.m */; };
		8580D4363561E7F641288756 /* libPods-StudentCompanion.a in Frameworks */ = {isa = PBXBuildFile; fileRef = 5DDDC683C245E415D461E8C9 /* libPods-StudentCompanion.a */; };
		901BAC4A2283B00C604610C9 /* libPods-StudentCompanion-tvOSTests.a in Frameworks */ = {isa = PBXBuildFile; fileRef = 88908834E0E5572678B2ECD5 /* libPods-StudentCompanion-tvOSTests.a */; };
		F3238FB72085019500D13D08 /* GoogleService-Info.plist in Resources */ = {isa = PBXBuildFile; fileRef = F3238F882085019400D13D08 /* GoogleService-Info.plist */; };
		F3C41735201A8D64000BEAE1 /* RCTPushNotificationManager.m in Sources */ = {isa = PBXBuildFile; fileRef = F3C41733201A8D64000BEAE1 /* RCTPushNotificationManager.m */; };
		F3FE407D20446D8100320E1A /* Crashlytics.framework in Sources */ = {isa = PBXBuildFile; fileRef = F3510C38202682810015056F /* Crashlytics.framework */; };
		F3FE407E20446D8100320E1A /* Fabric.framework in Sources */ = {isa = PBXBuildFile; fileRef = F3510C39202682810015056F /* Fabric.framework */; };
		F3FE40B52044736400320E1A /* Crashlytics.framework in Frameworks */ = {isa = PBXBuildFile; fileRef = F3510C38202682810015056F /* Crashlytics.framework */; };
		F3FE40B72044736400320E1A /* Fabric.framework in Frameworks */ = {isa = PBXBuildFile; fileRef = F3510C39202682810015056F /* Fabric.framework */; };
/* End PBXBuildFile section */

/* Begin PBXContainerItemProxy section */
		00E356F41AD99517003FC87E /* PBXContainerItemProxy */ = {
			isa = PBXContainerItemProxy;
			containerPortal = 83CBB9F71A601CBA00E9B192 /* Project object */;
			proxyType = 1;
			remoteGlobalIDString = 13B07F861A680F5B00A75B9A;
			remoteInfo = StudentCompanion;
		};
		2A4353A22323D8740072A429 /* PBXContainerItemProxy */ = {
			isa = PBXContainerItemProxy;
			containerPortal = 2A43539D2323D8740072A429 /* RNGestureHandler.xcodeproj */;
			proxyType = 2;
			remoteGlobalIDString = 134814201AA4EA6300B7C361;
			remoteInfo = RNGestureHandler;
		};
		2A4353A42323D8740072A429 /* PBXContainerItemProxy */ = {
			isa = PBXContainerItemProxy;
			containerPortal = 2A43539D2323D8740072A429 /* RNGestureHandler.xcodeproj */;
			proxyType = 2;
			remoteGlobalIDString = B5C32A36220C603B000FFB8D;
			remoteInfo = "RNGestureHandler-tvOS";
		};
		2D02E4911E0B4A5D006451C7 /* PBXContainerItemProxy */ = {
			isa = PBXContainerItemProxy;
			containerPortal = 83CBB9F71A601CBA00E9B192 /* Project object */;
			proxyType = 1;
			remoteGlobalIDString = 2D02E47A1E0B4A5D006451C7;
			remoteInfo = "StudentCompanion-tvOS";
		};
		F3C5B75B2017FD990000D6F0 /* PBXContainerItemProxy */ = {
			isa = PBXContainerItemProxy;
			containerPortal = F3C5B7552017FD990000D6F0 /* ReactNativeNavigation.xcodeproj */;
			proxyType = 2;
			remoteGlobalIDString = D8AFADBD1BEE6F3F00A4592D;
			remoteInfo = ReactNativeNavigation;
		};
/* End PBXContainerItemProxy section */

/* Begin PBXFileReference section */
		008F07F21AC5B25A0029DE68 /* main.jsbundle */ = {isa = PBXFileReference; fileEncoding = 4; lastKnownFileType = text; path = main.jsbundle; sourceTree = "<group>"; };
		00E356EE1AD99517003FC87E /* StudentCompanionTests.xctest */ = {isa = PBXFileReference; explicitFileType = wrapper.cfbundle; includeInIndex = 0; path = StudentCompanionTests.xctest; sourceTree = BUILT_PRODUCTS_DIR; };
		00E356F11AD99517003FC87E /* Info.plist */ = {isa = PBXFileReference; lastKnownFileType = text.plist.xml; path = Info.plist; sourceTree = "<group>"; };
		00E356F21AD99517003FC87E /* StudentCompanionTests.m */ = {isa = PBXFileReference; lastKnownFileType = sourcecode.c.objc; path = StudentCompanionTests.m; sourceTree = "<group>"; };
		13B07F961A680F5B00A75B9A /* StudentCompanion.app */ = {isa = PBXFileReference; explicitFileType = wrapper.application; includeInIndex = 0; path = StudentCompanion.app; sourceTree = BUILT_PRODUCTS_DIR; };
		13B07FAF1A68108700A75B9A /* AppDelegate.h */ = {isa = PBXFileReference; fileEncoding = 4; lastKnownFileType = sourcecode.c.h; name = AppDelegate.h; path = StudentCompanion/AppDelegate.h; sourceTree = "<group>"; };
		13B07FB01A68108700A75B9A /* AppDelegate.m */ = {isa = PBXFileReference; fileEncoding = 4; lastKnownFileType = sourcecode.c.objc; name = AppDelegate.m; path = StudentCompanion/AppDelegate.m; sourceTree = "<group>"; };
		13B07FB21A68108700A75B9A /* Base */ = {isa = PBXFileReference; lastKnownFileType = file.xib; name = Base; path = Base.lproj/LaunchScreen.xib; sourceTree = "<group>"; };
		13B07FB51A68108700A75B9A /* Images.xcassets */ = {isa = PBXFileReference; lastKnownFileType = folder.assetcatalog; name = Images.xcassets; path = StudentCompanion/Images.xcassets; sourceTree = "<group>"; };
		13B07FB61A68108700A75B9A /* Info.plist */ = {isa = PBXFileReference; fileEncoding = 4; lastKnownFileType = text.plist.xml; name = Info.plist; path = StudentCompanion/Info.plist; sourceTree = "<group>"; };
		13B07FB71A68108700A75B9A /* main.m */ = {isa = PBXFileReference; fileEncoding = 4; lastKnownFileType = sourcecode.c.objc; name = main.m; path = StudentCompanion/main.m; sourceTree = "<group>"; };
		21755AE65AC85F76FF31EFB2 /* Pods-StudentCompanionTests.release.xcconfig */ = {isa = PBXFileReference; includeInIndex = 1; lastKnownFileType = text.xcconfig; name = "Pods-StudentCompanionTests.release.xcconfig"; path = "Target Support Files/Pods-StudentCompanionTests/Pods-StudentCompanionTests.release.xcconfig"; sourceTree = "<group>"; };
		2A43539D2323D8740072A429 /* RNGestureHandler.xcodeproj */ = {isa = PBXFileReference; lastKnownFileType = "wrapper.pb-project"; name = RNGestureHandler.xcodeproj; path = "../node_modules/react-native-gesture-handler/ios/RNGestureHandler.xcodeproj"; sourceTree = "<group>"; };
		2D02E47B1E0B4A5D006451C7 /* StudentCompanion-tvOS.app */ = {isa = PBXFileReference; explicitFileType = wrapper.application; includeInIndex = 0; path = "StudentCompanion-tvOS.app"; sourceTree = BUILT_PRODUCTS_DIR; };
		2D02E4901E0B4A5D006451C7 /* StudentCompanion-tvOSTests.xctest */ = {isa = PBXFileReference; explicitFileType = wrapper.cfbundle; includeInIndex = 0; path = "StudentCompanion-tvOSTests.xctest"; sourceTree = BUILT_PRODUCTS_DIR; };
		3067E9997F00424BAC014A53 /* libRNShare.a */ = {isa = PBXFileReference; explicitFileType = undefined; fileEncoding = 9; includeInIndex = 0; lastKnownFileType = archive.ar; path = libRNShare.a; sourceTree = "<group>"; };
		3A9680FAD76CD395D26F42A8 /* Pods-StudentCompanion.debug.xcconfig */ = {isa = PBXFileReference; includeInIndex = 1; lastKnownFileType = text.xcconfig; name = "Pods-StudentCompanion.debug.xcconfig"; path = "Target Support Files/Pods-StudentCompanion/Pods-StudentCompanion.debug.xcconfig"; sourceTree = "<group>"; };
		3B7221570DED7429A1F30635 /* Pods-StudentCompanionTests.debug.xcconfig */ = {isa = PBXFileReference; includeInIndex = 1; lastKnownFileType = text.xcconfig; name = "Pods-StudentCompanionTests.debug.xcconfig"; path = "Target Support Files/Pods-StudentCompanionTests/Pods-StudentCompanionTests.debug.xcconfig"; sourceTree = "<group>"; };
		3F44405752322D11874A17AA /* Pods-StudentCompanion-tvOS.release.xcconfig */ = {isa = PBXFileReference; includeInIndex = 1; lastKnownFileType = text.xcconfig; name = "Pods-StudentCompanion-tvOS.release.xcconfig"; path = "Target Support Files/Pods-StudentCompanion-tvOS/Pods-StudentCompanion-tvOS.release.xcconfig"; sourceTree = "<group>"; };
		4CD99F10E96F4894BC4D302C /* libReactNativeNavigation.a */ = {isa = PBXFileReference; explicitFileType = undefined; fileEncoding = 9; includeInIndex = 0; lastKnownFileType = archive.ar; path = libReactNativeNavigation.a; sourceTree = "<group>"; };
		5DDDC683C245E415D461E8C9 /* libPods-StudentCompanion.a */ = {isa = PBXFileReference; explicitFileType = archive.ar; includeInIndex = 0; path = "libPods-StudentCompanion.a"; sourceTree = BUILT_PRODUCTS_DIR; };
		6B0EFE571C584B4F9151B85E /* libRNImagePicker.a */ = {isa = PBXFileReference; explicitFileType = undefined; fileEncoding = 9; includeInIndex = 0; lastKnownFileType = archive.ar; path = libRNImagePicker.a; sourceTree = "<group>"; };
		75DF2D0E5FA1F8A5CA116463 /* Pods-StudentCompanion.release.xcconfig */ = {isa = PBXFileReference; includeInIndex = 1; lastKnownFileType = text.xcconfig; name = "Pods-StudentCompanion.release.xcconfig"; path = "Target Support Files/Pods-StudentCompanion/Pods-StudentCompanion.release.xcconfig"; sourceTree = "<group>"; };
		7A6F7056C1A0FB49A7D74DBE /* Pods-StudentCompanion-tvOS.debug.xcconfig */ = {isa = PBXFileReference; includeInIndex = 1; lastKnownFileType = text.xcconfig; name = "Pods-StudentCompanion-tvOS.debug.xcconfig"; path = "Target Support Files/Pods-StudentCompanion-tvOS/Pods-StudentCompanion-tvOS.debug.xcconfig"; sourceTree = "<group>"; };
		8576EDE58A2F07B93D2C25E9 /* Pods-StudentCompanion-tvOSTests.debug.xcconfig */ = {isa = PBXFileReference; includeInIndex = 1; lastKnownFileType = text.xcconfig; name = "Pods-StudentCompanion-tvOSTests.debug.xcconfig"; path = "Target Support Files/Pods-StudentCompanion-tvOSTests/Pods-StudentCompanion-tvOSTests.debug.xcconfig"; sourceTree = "<group>"; };
		873EA2E69699D81BEEB75030 /* libPods-StudentCompanionTests.a */ = {isa = PBXFileReference; explicitFileType = archive.ar; includeInIndex = 0; path = "libPods-StudentCompanionTests.a"; sourceTree = BUILT_PRODUCTS_DIR; };
		88908834E0E5572678B2ECD5 /* libPods-StudentCompanion-tvOSTests.a */ = {isa = PBXFileReference; explicitFileType = archive.ar; includeInIndex = 0; path = "libPods-StudentCompanion-tvOSTests.a"; sourceTree = BUILT_PRODUCTS_DIR; };
		C98185B7B3E0C0B5D595F9DE /* libPods-StudentCompanion-tvOS.a */ = {isa = PBXFileReference; explicitFileType = archive.ar; includeInIndex = 0; path = "libPods-StudentCompanion-tvOS.a"; sourceTree = BUILT_PRODUCTS_DIR; };
		D06A1932167D4520B2BB00BD /* libRNPhotoView.a */ = {isa = PBXFileReference; explicitFileType = undefined; fileEncoding = 9; includeInIndex = 0; lastKnownFileType = archive.ar; path = libRNPhotoView.a; sourceTree = "<group>"; };
		DE3C3384007F4BE5627CA445 /* Pods-StudentCompanion-tvOSTests.release.xcconfig */ = {isa = PBXFileReference; includeInIndex = 1; lastKnownFileType = text.xcconfig; name = "Pods-StudentCompanion-tvOSTests.release.xcconfig"; path = "Target Support Files/Pods-StudentCompanion-tvOSTests/Pods-StudentCompanion-tvOSTests.release.xcconfig"; sourceTree = "<group>"; };
		F31FE17820438DA900390886 /* GTMLogger.h */ = {isa = PBXFileReference; lastKnownFileType = sourcecode.c.h; path = GTMLogger.h; sourceTree = "<group>"; };
		F31FE17920438DA900390886 /* GTMLogger.m */ = {isa = PBXFileReference; lastKnownFileType = sourcecode.c.objc; path = GTMLogger.m; sourceTree = "<group>"; };
		F31FE17A20438DA900390886 /* GTMNSData+zlib.h */ = {isa = PBXFileReference; lastKnownFileType = sourcecode.c.h; path = "GTMNSData+zlib.h"; sourceTree = "<group>"; };
		F31FE17B20438DA900390886 /* GTMNSData+zlib.m */ = {isa = PBXFileReference; lastKnownFileType = sourcecode.c.objc; path = "GTMNSData+zlib.m"; sourceTree = "<group>"; };
		F31FE17C20438DA900390886 /* GTMDefines.h */ = {isa = PBXFileReference; lastKnownFileType = sourcecode.c.h; path = GTMDefines.h; sourceTree = "<group>"; };
		F31FE17D20438DA900390886 /* LICENSE */ = {isa = PBXFileReference; lastKnownFileType = text; path = LICENSE; sourceTree = "<group>"; };
		F31FE17E20438DA900390886 /* README.md */ = {isa = PBXFileReference; lastKnownFileType = net.daringfireball.markdown; path = README.md; sourceTree = "<group>"; };
		F31FE18020438DE800390886 /* GoogleToolboxForMac.framework */ = {isa = PBXFileReference; explicitFileType = wrapper.framework; path = GoogleToolboxForMac.framework; sourceTree = BUILT_PRODUCTS_DIR; };
		F3238F882085019400D13D08 /* GoogleService-Info.plist */ = {isa = PBXFileReference; fileEncoding = 4; lastKnownFileType = text.plist.xml; name = "GoogleService-Info.plist"; path = "StudentCompanion/GoogleService-Info.plist"; sourceTree = "<group>"; };
		F3510C38202682810015056F /* Crashlytics.framework */ = {isa = PBXFileReference; lastKnownFileType = wrapper.framework; path = Crashlytics.framework; sourceTree = "<group>"; };
		F3510C39202682810015056F /* Fabric.framework */ = {isa = PBXFileReference; lastKnownFileType = wrapper.framework; path = Fabric.framework; sourceTree = "<group>"; };
		F358DDF1206C63E200317AD5 /* StudentCompanion.entitlements */ = {isa = PBXFileReference; lastKnownFileType = text.plist.entitlements; name = StudentCompanion.entitlements; path = StudentCompanion/StudentCompanion.entitlements; sourceTree = "<group>"; };
		F3794FC82017ED2A008E5483 /* GTMNSData+zlib.h */ = {isa = PBXFileReference; lastKnownFileType = sourcecode.c.h; path = "GTMNSData+zlib.h"; sourceTree = "<group>"; };
		F3794FC92017ED2A008E5483 /* GTMNSData+zlib.m */ = {isa = PBXFileReference; lastKnownFileType = sourcecode.c.objc; path = "GTMNSData+zlib.m"; sourceTree = "<group>"; };
		F3794FCA2017ED2A008E5483 /* GTMDefines.h */ = {isa = PBXFileReference; lastKnownFileType = sourcecode.c.h; path = GTMDefines.h; sourceTree = "<group>"; };
		F3794FCB2017ED2A008E5483 /* LICENSE */ = {isa = PBXFileReference; lastKnownFileType = text; path = LICENSE; sourceTree = "<group>"; };
		F3794FCC2017ED2A008E5483 /* README.md */ = {isa = PBXFileReference; lastKnownFileType = net.daringfireball.markdown; path = README.md; sourceTree = "<group>"; };
		F3794FF92017ED8C008E5483 /* GTMNSData+zlib.h */ = {isa = PBXFileReference; lastKnownFileType = sourcecode.c.h; path = "GTMNSData+zlib.h"; sourceTree = "<group>"; };
		F3794FFA2017ED8C008E5483 /* GTMNSData+zlib.m */ = {isa = PBXFileReference; lastKnownFileType = sourcecode.c.objc; path = "GTMNSData+zlib.m"; sourceTree = "<group>"; };
		F3C41732201A8D64000BEAE1 /* RCTPushNotificationManager.h */ = {isa = PBXFileReference; fileEncoding = 4; lastKnownFileType = sourcecode.c.h; path = RCTPushNotificationManager.h; sourceTree = "<group>"; };
		F3C41733201A8D64000BEAE1 /* RCTPushNotificationManager.m */ = {isa = PBXFileReference; fileEncoding = 4; lastKnownFileType = sourcecode.c.objc; path = RCTPushNotificationManager.m; sourceTree = "<group>"; };
		F3C5B7132017FD990000D6F0 /* RCCTitleViewHelper.h */ = {isa = PBXFileReference; fileEncoding = 4; lastKnownFileType = sourcecode.c.h; path = RCCTitleViewHelper.h; sourceTree = "<group>"; };
		F3C5B7142017FD990000D6F0 /* RCCTitleViewHelper.m */ = {isa = PBXFileReference; fileEncoding = 4; lastKnownFileType = sourcecode.c.objc; path = RCCTitleViewHelper.m; sourceTree = "<group>"; };
		F3C5B7152017FD990000D6F0 /* RCTConvert+UIBarButtonSystemItem.h */ = {isa = PBXFileReference; fileEncoding = 4; lastKnownFileType = sourcecode.c.h; path = "RCTConvert+UIBarButtonSystemItem.h"; sourceTree = "<group>"; };
		F3C5B7162017FD990000D6F0 /* RCTConvert+UIBarButtonSystemItem.m */ = {isa = PBXFileReference; fileEncoding = 4; lastKnownFileType = sourcecode.c.objc; path = "RCTConvert+UIBarButtonSystemItem.m"; sourceTree = "<group>"; };
		F3C5B7172017FD990000D6F0 /* RCTHelpers.h */ = {isa = PBXFileReference; fileEncoding = 4; lastKnownFileType = sourcecode.c.h; path = RCTHelpers.h; sourceTree = "<group>"; };
		F3C5B7182017FD990000D6F0 /* RCTHelpers.m */ = {isa = PBXFileReference; fileEncoding = 4; lastKnownFileType = sourcecode.c.objc; path = RCTHelpers.m; sourceTree = "<group>"; };
		F3C5B7192017FD990000D6F0 /* RCCCustomBarButtonItem.h */ = {isa = PBXFileReference; fileEncoding = 4; lastKnownFileType = sourcecode.c.h; path = RCCCustomBarButtonItem.h; sourceTree = "<group>"; };
		F3C5B71A2017FD990000D6F0 /* RCCCustomBarButtonItem.m */ = {isa = PBXFileReference; fileEncoding = 4; lastKnownFileType = sourcecode.c.objc; path = RCCCustomBarButtonItem.m; sourceTree = "<group>"; };
		F3C5B71B2017FD990000D6F0 /* RCCCustomTitleView.h */ = {isa = PBXFileReference; fileEncoding = 4; lastKnownFileType = sourcecode.c.h; path = RCCCustomTitleView.h; sourceTree = "<group>"; };
		F3C5B71C2017FD990000D6F0 /* RCCCustomTitleView.m */ = {isa = PBXFileReference; fileEncoding = 4; lastKnownFileType = sourcecode.c.objc; path = RCCCustomTitleView.m; sourceTree = "<group>"; };
		F3C5B71F2017FD990000D6F0 /* MMDrawerBarButtonItem.h */ = {isa = PBXFileReference; fileEncoding = 4; lastKnownFileType = sourcecode.c.h; path = MMDrawerBarButtonItem.h; sourceTree = "<group>"; };
		F3C5B7202017FD990000D6F0 /* MMDrawerBarButtonItem.m */ = {isa = PBXFileReference; fileEncoding = 4; lastKnownFileType = sourcecode.c.objc; path = MMDrawerBarButtonItem.m; sourceTree = "<group>"; };
		F3C5B7212017FD990000D6F0 /* MMDrawerController+Subclass.h */ = {isa = PBXFileReference; fileEncoding = 4; lastKnownFileType = sourcecode.c.h; path = "MMDrawerController+Subclass.h"; sourceTree = "<group>"; };
		F3C5B7222017FD990000D6F0 /* MMDrawerController.h */ = {isa = PBXFileReference; fileEncoding = 4; lastKnownFileType = sourcecode.c.h; path = MMDrawerController.h; sourceTree = "<group>"; };
		F3C5B7232017FD990000D6F0 /* MMDrawerController.m */ = {isa = PBXFileReference; fileEncoding = 4; lastKnownFileType = sourcecode.c.objc; path = MMDrawerController.m; sourceTree = "<group>"; };
		F3C5B7242017FD990000D6F0 /* MMDrawerVisualState.h */ = {isa = PBXFileReference; fileEncoding = 4; lastKnownFileType = sourcecode.c.h; path = MMDrawerVisualState.h; sourceTree = "<group>"; };
		F3C5B7252017FD990000D6F0 /* MMDrawerVisualState.m */ = {isa = PBXFileReference; fileEncoding = 4; lastKnownFileType = sourcecode.c.objc; path = MMDrawerVisualState.m; sourceTree = "<group>"; };
		F3C5B7262017FD990000D6F0 /* MMExampleDrawerVisualStateManager.h */ = {isa = PBXFileReference; fileEncoding = 4; lastKnownFileType = sourcecode.c.h; path = MMExampleDrawerVisualStateManager.h; sourceTree = "<group>"; };
		F3C5B7272017FD990000D6F0 /* MMExampleDrawerVisualStateManager.m */ = {isa = PBXFileReference; fileEncoding = 4; lastKnownFileType = sourcecode.c.objc; path = MMExampleDrawerVisualStateManager.m; sourceTree = "<group>"; };
		F3C5B7282017FD990000D6F0 /* UIViewController+MMDrawerController.h */ = {isa = PBXFileReference; fileEncoding = 4; lastKnownFileType = sourcecode.c.h; path = "UIViewController+MMDrawerController.h"; sourceTree = "<group>"; };
		F3C5B7292017FD990000D6F0 /* UIViewController+MMDrawerController.m */ = {isa = PBXFileReference; fileEncoding = 4; lastKnownFileType = sourcecode.c.objc; path = "UIViewController+MMDrawerController.m"; sourceTree = "<group>"; };
		F3C5B72A2017FD990000D6F0 /* RCCDrawerController.h */ = {isa = PBXFileReference; fileEncoding = 4; lastKnownFileType = sourcecode.c.h; path = RCCDrawerController.h; sourceTree = "<group>"; };
		F3C5B72B2017FD990000D6F0 /* RCCDrawerController.m */ = {isa = PBXFileReference; fileEncoding = 4; lastKnownFileType = sourcecode.c.objc; path = RCCDrawerController.m; sourceTree = "<group>"; };
		F3C5B72C2017FD990000D6F0 /* RCCDrawerHelper.h */ = {isa = PBXFileReference; fileEncoding = 4; lastKnownFileType = sourcecode.c.h; path = RCCDrawerHelper.h; sourceTree = "<group>"; };
		F3C5B72D2017FD990000D6F0 /* RCCDrawerHelper.m */ = {isa = PBXFileReference; fileEncoding = 4; lastKnownFileType = sourcecode.c.objc; path = RCCDrawerHelper.m; sourceTree = "<group>"; };
		F3C5B72E2017FD990000D6F0 /* RCCDrawerProtocol.h */ = {isa = PBXFileReference; fileEncoding = 4; lastKnownFileType = sourcecode.c.h; path = RCCDrawerProtocol.h; sourceTree = "<group>"; };
		F3C5B72F2017FD990000D6F0 /* RCCTheSideBarManagerViewController.h */ = {isa = PBXFileReference; fileEncoding = 4; lastKnownFileType = sourcecode.c.h; path = RCCTheSideBarManagerViewController.h; sourceTree = "<group>"; };
		F3C5B7302017FD990000D6F0 /* RCCTheSideBarManagerViewController.m */ = {isa = PBXFileReference; fileEncoding = 4; lastKnownFileType = sourcecode.c.objc; path = RCCTheSideBarManagerViewController.m; sourceTree = "<group>"; };
		F3C5B7332017FD990000D6F0 /* SidebarAirbnbAnimation.h */ = {isa = PBXFileReference; fileEncoding = 4; lastKnownFileType = sourcecode.c.h; path = SidebarAirbnbAnimation.h; sourceTree = "<group>"; };
		F3C5B7342017FD990000D6F0 /* SidebarAirbnbAnimation.m */ = {isa = PBXFileReference; fileEncoding = 4; lastKnownFileType = sourcecode.c.objc; path = SidebarAirbnbAnimation.m; sourceTree = "<group>"; };
		F3C5B7352017FD990000D6F0 /* SidebarAnimation.h */ = {isa = PBXFileReference; fileEncoding = 4; lastKnownFileType = sourcecode.c.h; path = SidebarAnimation.h; sourceTree = "<group>"; };
		F3C5B7362017FD990000D6F0 /* SidebarAnimation.m */ = {isa = PBXFileReference; fileEncoding = 4; lastKnownFileType = sourcecode.c.objc; path = SidebarAnimation.m; sourceTree = "<group>"; };
		F3C5B7372017FD990000D6F0 /* SidebarFacebookAnimation.h */ = {isa = PBXFileReference; fileEncoding = 4; lastKnownFileType = sourcecode.c.h; path = SidebarFacebookAnimation.h; sourceTree = "<group>"; };
		F3C5B7382017FD990000D6F0 /* SidebarFacebookAnimation.m */ = {isa = PBXFileReference; fileEncoding = 4; lastKnownFileType = sourcecode.c.objc; path = SidebarFacebookAnimation.m; sourceTree = "<group>"; };
		F3C5B7392017FD990000D6F0 /* SidebarFeedlyAnimation.h */ = {isa = PBXFileReference; fileEncoding = 4; lastKnownFileType = sourcecode.c.h; path = SidebarFeedlyAnimation.h; sourceTree = "<group>"; };
		F3C5B73A2017FD990000D6F0 /* SidebarFeedlyAnimation.m */ = {isa = PBXFileReference; fileEncoding = 4; lastKnownFileType = sourcecode.c.objc; path = SidebarFeedlyAnimation.m; sourceTree = "<group>"; };
		F3C5B73B2017FD990000D6F0 /* SidebarFlipboardAnimation.h */ = {isa = PBXFileReference; fileEncoding = 4; lastKnownFileType = sourcecode.c.h; path = SidebarFlipboardAnimation.h; sourceTree = "<group>"; };
		F3C5B73C2017FD990000D6F0 /* SidebarFlipboardAnimation.m */ = {isa = PBXFileReference; fileEncoding = 4; lastKnownFileType = sourcecode.c.objc; path = SidebarFlipboardAnimation.m; sourceTree = "<group>"; };
		F3C5B73D2017FD990000D6F0 /* SidebarLuvocracyAnimation.h */ = {isa = PBXFileReference; fileEncoding = 4; lastKnownFileType = sourcecode.c.h; path = SidebarLuvocracyAnimation.h; sourceTree = "<group>"; };
		F3C5B73E2017FD990000D6F0 /* SidebarLuvocracyAnimation.m */ = {isa = PBXFileReference; fileEncoding = 4; lastKnownFileType = sourcecode.c.objc; path = SidebarLuvocracyAnimation.m; sourceTree = "<group>"; };
		F3C5B73F2017FD990000D6F0 /* SidebarWunderlistAnimation.h */ = {isa = PBXFileReference; fileEncoding = 4; lastKnownFileType = sourcecode.c.h; path = SidebarWunderlistAnimation.h; sourceTree = "<group>"; };
		F3C5B7402017FD990000D6F0 /* SidebarWunderlistAnimation.m */ = {isa = PBXFileReference; fileEncoding = 4; lastKnownFileType = sourcecode.c.objc; path = SidebarWunderlistAnimation.m; sourceTree = "<group>"; };
		F3C5B7412017FD990000D6F0 /* TheSidebarController.h */ = {isa = PBXFileReference; fileEncoding = 4; lastKnownFileType = sourcecode.c.h; path = TheSidebarController.h; sourceTree = "<group>"; };
		F3C5B7422017FD990000D6F0 /* TheSidebarController.m */ = {isa = PBXFileReference; fileEncoding = 4; lastKnownFileType = sourcecode.c.objc; path = TheSidebarController.m; sourceTree = "<group>"; };
		F3C5B7432017FD990000D6F0 /* RCCExternalViewControllerProtocol.h */ = {isa = PBXFileReference; fileEncoding = 4; lastKnownFileType = sourcecode.c.h; path = RCCExternalViewControllerProtocol.h; sourceTree = "<group>"; };
		F3C5B7442017FD990000D6F0 /* RCCLightBox.h */ = {isa = PBXFileReference; fileEncoding = 4; lastKnownFileType = sourcecode.c.h; path = RCCLightBox.h; sourceTree = "<group>"; };
		F3C5B7452017FD990000D6F0 /* RCCLightBox.m */ = {isa = PBXFileReference; fileEncoding = 4; lastKnownFileType = sourcecode.c.objc; path = RCCLightBox.m; sourceTree = "<group>"; };
		F3C5B7462017FD990000D6F0 /* RCCManager.h */ = {isa = PBXFileReference; fileEncoding = 4; lastKnownFileType = sourcecode.c.h; path = RCCManager.h; sourceTree = "<group>"; };
		F3C5B7472017FD990000D6F0 /* RCCManager.m */ = {isa = PBXFileReference; fileEncoding = 4; lastKnownFileType = sourcecode.c.objc; path = RCCManager.m; sourceTree = "<group>"; };
		F3C5B7482017FD990000D6F0 /* RCCManagerModule.h */ = {isa = PBXFileReference; fileEncoding = 4; lastKnownFileType = sourcecode.c.h; path = RCCManagerModule.h; sourceTree = "<group>"; };
		F3C5B7492017FD990000D6F0 /* RCCManagerModule.m */ = {isa = PBXFileReference; fileEncoding = 4; lastKnownFileType = sourcecode.c.objc; path = RCCManagerModule.m; sourceTree = "<group>"; };
		F3C5B74A2017FD990000D6F0 /* RCCNavigationController.h */ = {isa = PBXFileReference; fileEncoding = 4; lastKnownFileType = sourcecode.c.h; path = RCCNavigationController.h; sourceTree = "<group>"; };
		F3C5B74B2017FD990000D6F0 /* RCCNavigationController.m */ = {isa = PBXFileReference; fileEncoding = 4; lastKnownFileType = sourcecode.c.objc; path = RCCNavigationController.m; sourceTree = "<group>"; };
		F3C5B74C2017FD990000D6F0 /* RCCNotification.h */ = {isa = PBXFileReference; fileEncoding = 4; lastKnownFileType = sourcecode.c.h; path = RCCNotification.h; sourceTree = "<group>"; };
		F3C5B74D2017FD990000D6F0 /* RCCNotification.m */ = {isa = PBXFileReference; fileEncoding = 4; lastKnownFileType = sourcecode.c.objc; path = RCCNotification.m; sourceTree = "<group>"; };
		F3C5B74E2017FD990000D6F0 /* RCCTabBarController.h */ = {isa = PBXFileReference; fileEncoding = 4; lastKnownFileType = sourcecode.c.h; path = RCCTabBarController.h; sourceTree = "<group>"; };
		F3C5B74F2017FD990000D6F0 /* RCCTabBarController.m */ = {isa = PBXFileReference; fileEncoding = 4; lastKnownFileType = sourcecode.c.objc; path = RCCTabBarController.m; sourceTree = "<group>"; };
		F3C5B7512017FD990000D6F0 /* RCCToolBar.h */ = {isa = PBXFileReference; fileEncoding = 4; lastKnownFileType = sourcecode.c.h; path = RCCToolBar.h; sourceTree = "<group>"; };
		F3C5B7522017FD990000D6F0 /* RCCToolBar.m */ = {isa = PBXFileReference; fileEncoding = 4; lastKnownFileType = sourcecode.c.objc; path = RCCToolBar.m; sourceTree = "<group>"; };
		F3C5B7532017FD990000D6F0 /* RCCViewController.h */ = {isa = PBXFileReference; fileEncoding = 4; lastKnownFileType = sourcecode.c.h; path = RCCViewController.h; sourceTree = "<group>"; };
		F3C5B7542017FD990000D6F0 /* RCCViewController.m */ = {isa = PBXFileReference; fileEncoding = 4; lastKnownFileType = sourcecode.c.objc; path = RCCViewController.m; sourceTree = "<group>"; };
		F3C5B7552017FD990000D6F0 /* ReactNativeNavigation.xcodeproj */ = {isa = PBXFileReference; lastKnownFileType = "wrapper.pb-project"; path = ReactNativeNavigation.xcodeproj; sourceTree = "<group>"; };
		F3C5B7582017FD990000D6F0 /* UIViewController+Rotation.h */ = {isa = PBXFileReference; fileEncoding = 4; lastKnownFileType = sourcecode.c.h; path = "UIViewController+Rotation.h"; sourceTree = "<group>"; };
		F3C5B7592017FD990000D6F0 /* UIViewController+Rotation.m */ = {isa = PBXFileReference; fileEncoding = 4; lastKnownFileType = sourcecode.c.objc; path = "UIViewController+Rotation.m"; sourceTree = "<group>"; };
		F3CF279B20175F1B0021E9BC /* GTMNSData+zlib.h */ = {isa = PBXFileReference; lastKnownFileType = sourcecode.c.h; path = "GTMNSData+zlib.h"; sourceTree = "<group>"; };
		F3CF279C20175F1B0021E9BC /* GTMNSData+zlib.m */ = {isa = PBXFileReference; lastKnownFileType = sourcecode.c.objc; path = "GTMNSData+zlib.m"; sourceTree = "<group>"; };
		F3CF279D20175F1B0021E9BC /* GTMDefines.h */ = {isa = PBXFileReference; lastKnownFileType = sourcecode.c.h; path = GTMDefines.h; sourceTree = "<group>"; };
		F3CF279E20175F1B0021E9BC /* LICENSE */ = {isa = PBXFileReference; lastKnownFileType = text; path = LICENSE; sourceTree = "<group>"; };
		F3CF279F20175F1B0021E9BC /* README.md */ = {isa = PBXFileReference; lastKnownFileType = net.daringfireball.markdown; path = README.md; sourceTree = "<group>"; };
		F3CF27CD201769D20021E9BC /* GTMNSData+zlib.h */ = {isa = PBXFileReference; lastKnownFileType = sourcecode.c.h; path = "GTMNSData+zlib.h"; sourceTree = "<group>"; };
		F3CF27CE201769D20021E9BC /* GTMNSData+zlib.m */ = {isa = PBXFileReference; lastKnownFileType = sourcecode.c.objc; path = "GTMNSData+zlib.m"; sourceTree = "<group>"; };
		F3CF27CF201769D20021E9BC /* GTMDefines.h */ = {isa = PBXFileReference; lastKnownFileType = sourcecode.c.h; path = GTMDefines.h; sourceTree = "<group>"; };
		F3CF27D0201769D20021E9BC /* LICENSE */ = {isa = PBXFileReference; lastKnownFileType = text; path = LICENSE; sourceTree = "<group>"; };
		F3CF27D1201769D20021E9BC /* README.md */ = {isa = PBXFileReference; lastKnownFileType = net.daringfireball.markdown; path = README.md; sourceTree = "<group>"; };
		F3CF27D420176A190021E9BC /* GTMNSData+zlib.h */ = {isa = PBXFileReference; lastKnownFileType = sourcecode.c.h; path = "GTMNSData+zlib.h"; sourceTree = "<group>"; };
		F3CF27D520176A190021E9BC /* GTMNSData+zlib.m */ = {isa = PBXFileReference; lastKnownFileType = sourcecode.c.objc; path = "GTMNSData+zlib.m"; sourceTree = "<group>"; };
		F3CF27D620176A190021E9BC /* GTMDefines.h */ = {isa = PBXFileReference; lastKnownFileType = sourcecode.c.h; path = GTMDefines.h; sourceTree = "<group>"; };
		F3CF27D720176A190021E9BC /* LICENSE */ = {isa = PBXFileReference; lastKnownFileType = text; path = LICENSE; sourceTree = "<group>"; };
		F3CF27D820176A190021E9BC /* README.md */ = {isa = PBXFileReference; lastKnownFileType = net.daringfireball.markdown; path = README.md; sourceTree = "<group>"; };
		F3FE41032045040F00320E1A /* RSKImageCropper.framework */ = {isa = PBXFileReference; lastKnownFileType = wrapper.framework; name = RSKImageCropper.framework; path = "../node_modules/react-native-image-crop-picker/ios/ImageCropPickerSDK/RSKImageCropper.framework"; sourceTree = "<group>"; };
		F3FE41042045040F00320E1A /* QBImagePicker.framework */ = {isa = PBXFileReference; lastKnownFileType = wrapper.framework; name = QBImagePicker.framework; path = "../node_modules/react-native-image-crop-picker/ios/ImageCropPickerSDK/QBImagePicker.framework"; sourceTree = "<group>"; };
/* End PBXFileReference section */

/* Begin PBXFrameworksBuildPhase section */
		00E356EB1AD99517003FC87E /* Frameworks */ = {
			isa = PBXFrameworksBuildPhase;
			buildActionMask = 2147483647;
			files = (
				0B16F3C22DC7B42559D05BDF /* libPods-StudentCompanionTests.a in Frameworks */,
			);
			runOnlyForDeploymentPostprocessing = 0;
		};
		13B07F8C1A680F5B00A75B9A /* Frameworks */ = {
			isa = PBXFrameworksBuildPhase;
			buildActionMask = 2147483647;
			files = (
				2A4353A62323D8B40072A429 /* libRNGestureHandler.a in Frameworks */,
				F3FE40B52044736400320E1A /* Crashlytics.framework in Frameworks */,
				F3FE40B72044736400320E1A /* Fabric.framework in Frameworks */,
				8580D4363561E7F641288756 /* libPods-StudentCompanion.a in Frameworks */,
			);
			runOnlyForDeploymentPostprocessing = 0;
		};
		2D02E4781E0B4A5D006451C7 /* Frameworks */ = {
			isa = PBXFrameworksBuildPhase;
			buildActionMask = 2147483647;
			files = (
				1FB1E2BEFD4F7C968CEC6E71 /* libPods-StudentCompanion-tvOS.a in Frameworks */,
			);
			runOnlyForDeploymentPostprocessing = 0;
		};
		2D02E48D1E0B4A5D006451C7 /* Frameworks */ = {
			isa = PBXFrameworksBuildPhase;
			buildActionMask = 2147483647;
			files = (
				901BAC4A2283B00C604610C9 /* libPods-StudentCompanion-tvOSTests.a in Frameworks */,
			);
			runOnlyForDeploymentPostprocessing = 0;
		};
/* End PBXFrameworksBuildPhase section */

/* Begin PBXGroup section */
		00E356EF1AD99517003FC87E /* StudentCompanionTests */ = {
			isa = PBXGroup;
			children = (
				00E356F21AD99517003FC87E /* StudentCompanionTests.m */,
				00E356F01AD99517003FC87E /* Supporting Files */,
			);
			path = StudentCompanionTests;
			sourceTree = "<group>";
		};
		00E356F01AD99517003FC87E /* Supporting Files */ = {
			isa = PBXGroup;
			children = (
				00E356F11AD99517003FC87E /* Info.plist */,
			);
			name = "Supporting Files";
			sourceTree = "<group>";
		};
		13B07FAE1A68108700A75B9A /* StudentCompanion */ = {
			isa = PBXGroup;
			children = (
				F358DDF1206C63E200317AD5 /* StudentCompanion.entitlements */,
				008F07F21AC5B25A0029DE68 /* main.jsbundle */,
				13B07FAF1A68108700A75B9A /* AppDelegate.h */,
				13B07FB01A68108700A75B9A /* AppDelegate.m */,
				13B07FB51A68108700A75B9A /* Images.xcassets */,
				13B07FB61A68108700A75B9A /* Info.plist */,
				13B07FB11A68108700A75B9A /* LaunchScreen.xib */,
				13B07FB71A68108700A75B9A /* main.m */,
			);
			name = StudentCompanion;
			sourceTree = "<group>";
		};
		2A43539E2323D8740072A429 /* Products */ = {
			isa = PBXGroup;
			children = (
				2A4353A32323D8740072A429 /* libRNGestureHandler.a */,
				2A4353A52323D8740072A429 /* libRNGestureHandler-tvOS.a */,
			);
			name = Products;
			sourceTree = "<group>";
		};
		660B0850A6BA3EA5C25B4AA6 /* Frameworks */ = {
			isa = PBXGroup;
			children = (
				F31FE18020438DE800390886 /* GoogleToolboxForMac.framework */,
				F31FE17620438DA800390886 /* GoogleToolboxForMac */,
				F3794FF82017ED8C008E5483 /* Foundation */,
				F3CF279920175F1B0021E9BC /* GoogleToolboxForMac */,
				F3CF27CB201769D20021E9BC /* GoogleToolboxForMac */,
				F3CF27D220176A190021E9BC /* GoogleToolboxForMac */,
				F3794FC62017ED2A008E5483 /* GoogleToolboxForMac */,
				5DDDC683C245E415D461E8C9 /* libPods-StudentCompanion.a */,
				C98185B7B3E0C0B5D595F9DE /* libPods-StudentCompanion-tvOS.a */,
				88908834E0E5572678B2ECD5 /* libPods-StudentCompanion-tvOSTests.a */,
				873EA2E69699D81BEEB75030 /* libPods-StudentCompanionTests.a */,
			);
			name = Frameworks;
			sourceTree = "<group>";
		};
		832341AE1AAA6A7D00B99B32 /* Libraries */ = {
			isa = PBXGroup;
			children = (
				2A43539D2323D8740072A429 /* RNGestureHandler.xcodeproj */,
				F3C41730201A8D64000BEAE1 /* PushNotificationIOS */,
				F3C5B7112017FD990000D6F0 /* ios */,
			);
			name = Libraries;
			sourceTree = "<group>";
		};
		83CBB9F61A601CBA00E9B192 = {
			isa = PBXGroup;
			children = (
				F3238F882085019400D13D08 /* GoogleService-Info.plist */,
				F3FE41042045040F00320E1A /* QBImagePicker.framework */,
				F3FE41032045040F00320E1A /* RSKImageCropper.framework */,
				F3510C38202682810015056F /* Crashlytics.framework */,
				F3510C39202682810015056F /* Fabric.framework */,
				13B07FAE1A68108700A75B9A /* StudentCompanion */,
				832341AE1AAA6A7D00B99B32 /* Libraries */,
				00E356EF1AD99517003FC87E /* StudentCompanionTests */,
				83CBBA001A601CBA00E9B192 /* Products */,
				F3AE57FE1FF407DC00773607 /* Recovered References */,
				660B0850A6BA3EA5C25B4AA6 /* Frameworks */,
				E4F606781D5A65C4801A2FFB /* Pods */,
			);
			indentWidth = 2;
			sourceTree = "<group>";
			tabWidth = 2;
			usesTabs = 0;
		};
		83CBBA001A601CBA00E9B192 /* Products */ = {
			isa = PBXGroup;
			children = (
				13B07F961A680F5B00A75B9A /* StudentCompanion.app */,
				00E356EE1AD99517003FC87E /* StudentCompanionTests.xctest */,
				2D02E47B1E0B4A5D006451C7 /* StudentCompanion-tvOS.app */,
				2D02E4901E0B4A5D006451C7 /* StudentCompanion-tvOSTests.xctest */,
			);
			name = Products;
			sourceTree = "<group>";
		};
		E4F606781D5A65C4801A2FFB /* Pods */ = {
			isa = PBXGroup;
			children = (
				3A9680FAD76CD395D26F42A8 /* Pods-StudentCompanion.debug.xcconfig */,
				75DF2D0E5FA1F8A5CA116463 /* Pods-StudentCompanion.release.xcconfig */,
				7A6F7056C1A0FB49A7D74DBE /* Pods-StudentCompanion-tvOS.debug.xcconfig */,
				3F44405752322D11874A17AA /* Pods-StudentCompanion-tvOS.release.xcconfig */,
				8576EDE58A2F07B93D2C25E9 /* Pods-StudentCompanion-tvOSTests.debug.xcconfig */,
				DE3C3384007F4BE5627CA445 /* Pods-StudentCompanion-tvOSTests.release.xcconfig */,
				3B7221570DED7429A1F30635 /* Pods-StudentCompanionTests.debug.xcconfig */,
				21755AE65AC85F76FF31EFB2 /* Pods-StudentCompanionTests.release.xcconfig */,
			);
			path = Pods;
			sourceTree = "<group>";
		};
		F31FE17620438DA800390886 /* GoogleToolboxForMac */ = {
			isa = PBXGroup;
			children = (
				F31FE17720438DA900390886 /* Foundation */,
				F31FE17C20438DA900390886 /* GTMDefines.h */,
				F31FE17D20438DA900390886 /* LICENSE */,
				F31FE17E20438DA900390886 /* README.md */,
			);
			name = GoogleToolboxForMac;
			path = Pods/GoogleToolboxForMac;
			sourceTree = "<group>";
		};
		F31FE17720438DA900390886 /* Foundation */ = {
			isa = PBXGroup;
			children = (
				F31FE17820438DA900390886 /* GTMLogger.h */,
				F31FE17920438DA900390886 /* GTMLogger.m */,
				F31FE17A20438DA900390886 /* GTMNSData+zlib.h */,
				F31FE17B20438DA900390886 /* GTMNSData+zlib.m */,
			);
			path = Foundation;
			sourceTree = "<group>";
		};
		F3794FC62017ED2A008E5483 /* GoogleToolboxForMac */ = {
			isa = PBXGroup;
			children = (
				F3794FC72017ED2A008E5483 /* Foundation */,
				F3794FCA2017ED2A008E5483 /* GTMDefines.h */,
				F3794FCB2017ED2A008E5483 /* LICENSE */,
				F3794FCC2017ED2A008E5483 /* README.md */,
			);
			name = GoogleToolboxForMac;
			path = Pods/GoogleToolboxForMac;
			sourceTree = "<group>";
		};
		F3794FC72017ED2A008E5483 /* Foundation */ = {
			isa = PBXGroup;
			children = (
				F3794FC82017ED2A008E5483 /* GTMNSData+zlib.h */,
				F3794FC92017ED2A008E5483 /* GTMNSData+zlib.m */,
			);
			path = Foundation;
			sourceTree = "<group>";
		};
		F3794FF82017ED8C008E5483 /* Foundation */ = {
			isa = PBXGroup;
			children = (
				F3794FF92017ED8C008E5483 /* GTMNSData+zlib.h */,
				F3794FFA2017ED8C008E5483 /* GTMNSData+zlib.m */,
			);
			name = Foundation;
			path = Pods/GoogleToolboxForMac/Foundation;
			sourceTree = "<group>";
		};
		F3AE57FE1FF407DC00773607 /* Recovered References */ = {
			isa = PBXGroup;
			children = (
				4CD99F10E96F4894BC4D302C /* libReactNativeNavigation.a */,
				3067E9997F00424BAC014A53 /* libRNShare.a */,
				D06A1932167D4520B2BB00BD /* libRNPhotoView.a */,
				6B0EFE571C584B4F9151B85E /* libRNImagePicker.a */,
			);
			name = "Recovered References";
			sourceTree = "<group>";
		};
		F3C41730201A8D64000BEAE1 /* PushNotificationIOS */ = {
			isa = PBXGroup;
			children = (
				F3C41732201A8D64000BEAE1 /* RCTPushNotificationManager.h */,
				F3C41733201A8D64000BEAE1 /* RCTPushNotificationManager.m */,
			);
			name = PushNotificationIOS;
			path = "../node_modules/react-native/Libraries/PushNotificationIOS";
			sourceTree = "<group>";
		};
		F3C5B7112017FD990000D6F0 /* ios */ = {
			isa = PBXGroup;
			children = (
				F3C5B7122017FD990000D6F0 /* Helpers */,
				F3C5B7192017FD990000D6F0 /* RCCCustomBarButtonItem.h */,
				F3C5B71A2017FD990000D6F0 /* RCCCustomBarButtonItem.m */,
				F3C5B71B2017FD990000D6F0 /* RCCCustomTitleView.h */,
				F3C5B71C2017FD990000D6F0 /* RCCCustomTitleView.m */,
				F3C5B71D2017FD990000D6F0 /* RCCDrawerController */,
				F3C5B7432017FD990000D6F0 /* RCCExternalViewControllerProtocol.h */,
				F3C5B7442017FD990000D6F0 /* RCCLightBox.h */,
				F3C5B7452017FD990000D6F0 /* RCCLightBox.m */,
				F3C5B7462017FD990000D6F0 /* RCCManager.h */,
				F3C5B7472017FD990000D6F0 /* RCCManager.m */,
				F3C5B7482017FD990000D6F0 /* RCCManagerModule.h */,
				F3C5B7492017FD990000D6F0 /* RCCManagerModule.m */,
				F3C5B74A2017FD990000D6F0 /* RCCNavigationController.h */,
				F3C5B74B2017FD990000D6F0 /* RCCNavigationController.m */,
				F3C5B74C2017FD990000D6F0 /* RCCNotification.h */,
				F3C5B74D2017FD990000D6F0 /* RCCNotification.m */,
				F3C5B74E2017FD990000D6F0 /* RCCTabBarController.h */,
				F3C5B74F2017FD990000D6F0 /* RCCTabBarController.m */,
				F3C5B7502017FD990000D6F0 /* RCCToolBar */,
				F3C5B7532017FD990000D6F0 /* RCCViewController.h */,
				F3C5B7542017FD990000D6F0 /* RCCViewController.m */,
				F3C5B7552017FD990000D6F0 /* ReactNativeNavigation.xcodeproj */,
				F3C5B7582017FD990000D6F0 /* UIViewController+Rotation.h */,
				F3C5B7592017FD990000D6F0 /* UIViewController+Rotation.m */,
			);
			name = ios;
			path = "../node_modules/react-native-navigation/ios";
			sourceTree = "<group>";
		};
		F3C5B7122017FD990000D6F0 /* Helpers */ = {
			isa = PBXGroup;
			children = (
				F3C5B7132017FD990000D6F0 /* RCCTitleViewHelper.h */,
				F3C5B7142017FD990000D6F0 /* RCCTitleViewHelper.m */,
				F3C5B7152017FD990000D6F0 /* RCTConvert+UIBarButtonSystemItem.h */,
				F3C5B7162017FD990000D6F0 /* RCTConvert+UIBarButtonSystemItem.m */,
				F3C5B7172017FD990000D6F0 /* RCTHelpers.h */,
				F3C5B7182017FD990000D6F0 /* RCTHelpers.m */,
			);
			path = Helpers;
			sourceTree = "<group>";
		};
		F3C5B71D2017FD990000D6F0 /* RCCDrawerController */ = {
			isa = PBXGroup;
			children = (
				F3C5B71E2017FD990000D6F0 /* MMDrawerController */,
				F3C5B72A2017FD990000D6F0 /* RCCDrawerController.h */,
				F3C5B72B2017FD990000D6F0 /* RCCDrawerController.m */,
				F3C5B72C2017FD990000D6F0 /* RCCDrawerHelper.h */,
				F3C5B72D2017FD990000D6F0 /* RCCDrawerHelper.m */,
				F3C5B72E2017FD990000D6F0 /* RCCDrawerProtocol.h */,
				F3C5B72F2017FD990000D6F0 /* RCCTheSideBarManagerViewController.h */,
				F3C5B7302017FD990000D6F0 /* RCCTheSideBarManagerViewController.m */,
				F3C5B7312017FD990000D6F0 /* TheSidebarController */,
			);
			path = RCCDrawerController;
			sourceTree = "<group>";
		};
		F3C5B71E2017FD990000D6F0 /* MMDrawerController */ = {
			isa = PBXGroup;
			children = (
				F3C5B71F2017FD990000D6F0 /* MMDrawerBarButtonItem.h */,
				F3C5B7202017FD990000D6F0 /* MMDrawerBarButtonItem.m */,
				F3C5B7212017FD990000D6F0 /* MMDrawerController+Subclass.h */,
				F3C5B7222017FD990000D6F0 /* MMDrawerController.h */,
				F3C5B7232017FD990000D6F0 /* MMDrawerController.m */,
				F3C5B7242017FD990000D6F0 /* MMDrawerVisualState.h */,
				F3C5B7252017FD990000D6F0 /* MMDrawerVisualState.m */,
				F3C5B7262017FD990000D6F0 /* MMExampleDrawerVisualStateManager.h */,
				F3C5B7272017FD990000D6F0 /* MMExampleDrawerVisualStateManager.m */,
				F3C5B7282017FD990000D6F0 /* UIViewController+MMDrawerController.h */,
				F3C5B7292017FD990000D6F0 /* UIViewController+MMDrawerController.m */,
			);
			path = MMDrawerController;
			sourceTree = "<group>";
		};
		F3C5B7312017FD990000D6F0 /* TheSidebarController */ = {
			isa = PBXGroup;
			children = (
				F3C5B7322017FD990000D6F0 /* Animations */,
				F3C5B7412017FD990000D6F0 /* TheSidebarController.h */,
				F3C5B7422017FD990000D6F0 /* TheSidebarController.m */,
			);
			path = TheSidebarController;
			sourceTree = "<group>";
		};
		F3C5B7322017FD990000D6F0 /* Animations */ = {
			isa = PBXGroup;
			children = (
				F3C5B7332017FD990000D6F0 /* SidebarAirbnbAnimation.h */,
				F3C5B7342017FD990000D6F0 /* SidebarAirbnbAnimation.m */,
				F3C5B7352017FD990000D6F0 /* SidebarAnimation.h */,
				F3C5B7362017FD990000D6F0 /* SidebarAnimation.m */,
				F3C5B7372017FD990000D6F0 /* SidebarFacebookAnimation.h */,
				F3C5B7382017FD990000D6F0 /* SidebarFacebookAnimation.m */,
				F3C5B7392017FD990000D6F0 /* SidebarFeedlyAnimation.h */,
				F3C5B73A2017FD990000D6F0 /* SidebarFeedlyAnimation.m */,
				F3C5B73B2017FD990000D6F0 /* SidebarFlipboardAnimation.h */,
				F3C5B73C2017FD990000D6F0 /* SidebarFlipboardAnimation.m */,
				F3C5B73D2017FD990000D6F0 /* SidebarLuvocracyAnimation.h */,
				F3C5B73E2017FD990000D6F0 /* SidebarLuvocracyAnimation.m */,
				F3C5B73F2017FD990000D6F0 /* SidebarWunderlistAnimation.h */,
				F3C5B7402017FD990000D6F0 /* SidebarWunderlistAnimation.m */,
			);
			path = Animations;
			sourceTree = "<group>";
		};
		F3C5B7502017FD990000D6F0 /* RCCToolBar */ = {
			isa = PBXGroup;
			children = (
				F3C5B7512017FD990000D6F0 /* RCCToolBar.h */,
				F3C5B7522017FD990000D6F0 /* RCCToolBar.m */,
			);
			path = RCCToolBar;
			sourceTree = "<group>";
		};
		F3C5B7562017FD990000D6F0 /* Products */ = {
			isa = PBXGroup;
			children = (
				F3C5B75C2017FD990000D6F0 /* libReactNativeNavigation.a */,
			);
			name = Products;
			sourceTree = "<group>";
		};
		F3CF279920175F1B0021E9BC /* GoogleToolboxForMac */ = {
			isa = PBXGroup;
			children = (
				F3CF279A20175F1B0021E9BC /* Foundation */,
				F3CF279D20175F1B0021E9BC /* GTMDefines.h */,
				F3CF279E20175F1B0021E9BC /* LICENSE */,
				F3CF279F20175F1B0021E9BC /* README.md */,
			);
			name = GoogleToolboxForMac;
			path = Pods/GoogleToolboxForMac;
			sourceTree = "<group>";
		};
		F3CF279A20175F1B0021E9BC /* Foundation */ = {
			isa = PBXGroup;
			children = (
				F3CF279B20175F1B0021E9BC /* GTMNSData+zlib.h */,
				F3CF279C20175F1B0021E9BC /* GTMNSData+zlib.m */,
			);
			path = Foundation;
			sourceTree = "<group>";
		};
		F3CF27CB201769D20021E9BC /* GoogleToolboxForMac */ = {
			isa = PBXGroup;
			children = (
				F3CF27CC201769D20021E9BC /* Foundation */,
				F3CF27CF201769D20021E9BC /* GTMDefines.h */,
				F3CF27D0201769D20021E9BC /* LICENSE */,
				F3CF27D1201769D20021E9BC /* README.md */,
			);
			name = GoogleToolboxForMac;
			path = Pods/GoogleToolboxForMac;
			sourceTree = "<group>";
		};
		F3CF27CC201769D20021E9BC /* Foundation */ = {
			isa = PBXGroup;
			children = (
				F3CF27CD201769D20021E9BC /* GTMNSData+zlib.h */,
				F3CF27CE201769D20021E9BC /* GTMNSData+zlib.m */,
			);
			path = Foundation;
			sourceTree = "<group>";
		};
		F3CF27D220176A190021E9BC /* GoogleToolboxForMac */ = {
			isa = PBXGroup;
			children = (
				F3CF27D320176A190021E9BC /* Foundation */,
				F3CF27D620176A190021E9BC /* GTMDefines.h */,
				F3CF27D720176A190021E9BC /* LICENSE */,
				F3CF27D820176A190021E9BC /* README.md */,
			);
			name = GoogleToolboxForMac;
			path = Pods/GoogleToolboxForMac;
			sourceTree = "<group>";
		};
		F3CF27D320176A190021E9BC /* Foundation */ = {
			isa = PBXGroup;
			children = (
				F3CF27D420176A190021E9BC /* GTMNSData+zlib.h */,
				F3CF27D520176A190021E9BC /* GTMNSData+zlib.m */,
			);
			path = Foundation;
			sourceTree = "<group>";
		};
/* End PBXGroup section */

/* Begin PBXNativeTarget section */
		00E356ED1AD99517003FC87E /* StudentCompanionTests */ = {
			isa = PBXNativeTarget;
			buildConfigurationList = 00E357021AD99517003FC87E /* Build configuration list for PBXNativeTarget "StudentCompanionTests" */;
			buildPhases = (
				B3D90F9F00060B99C6C97307 /* [CP] Check Pods Manifest.lock */,
				00E356EA1AD99517003FC87E /* Sources */,
				00E356EB1AD99517003FC87E /* Frameworks */,
				00E356EC1AD99517003FC87E /* Resources */,
			);
			buildRules = (
			);
			dependencies = (
				00E356F51AD99517003FC87E /* PBXTargetDependency */,
			);
			name = StudentCompanionTests;
			productName = StudentCompanionTests;
			productReference = 00E356EE1AD99517003FC87E /* StudentCompanionTests.xctest */;
			productType = "com.apple.product-type.bundle.unit-test";
		};
		13B07F861A680F5B00A75B9A /* StudentCompanion */ = {
			isa = PBXNativeTarget;
			buildConfigurationList = 13B07F931A680F5B00A75B9A /* Build configuration list for PBXNativeTarget "StudentCompanion" */;
			buildPhases = (
				D6C323F88A75F66EF583AECE /* [CP] Check Pods Manifest.lock */,
				13B07F871A680F5B00A75B9A /* Sources */,
				13B07F8C1A680F5B00A75B9A /* Frameworks */,
				13B07F8E1A680F5B00A75B9A /* Resources */,
				00DD1BFF1BD5951E006B06BC /* Bundle React Native code and images */,
				F3510C35202681B10015056F /* Run Script */,
				6F9B0CA1B1835C2EE4DF5AD4 /* [CP] Copy Pods Resources */,
			);
			buildRules = (
			);
			dependencies = (
			);
			name = StudentCompanion;
			productName = "Hello World";
			productReference = 13B07F961A680F5B00A75B9A /* StudentCompanion.app */;
			productType = "com.apple.product-type.application";
		};
		2D02E47A1E0B4A5D006451C7 /* StudentCompanion-tvOS */ = {
			isa = PBXNativeTarget;
			buildConfigurationList = 2D02E4BA1E0B4A5E006451C7 /* Build configuration list for PBXNativeTarget "StudentCompanion-tvOS" */;
			buildPhases = (
				00D55C2DDF0F4C0E08D74AD3 /* [CP] Check Pods Manifest.lock */,
				2D02E4771E0B4A5D006451C7 /* Sources */,
				2D02E4781E0B4A5D006451C7 /* Frameworks */,
				2D02E4791E0B4A5D006451C7 /* Resources */,
				2D02E4CB1E0B4B27006451C7 /* Bundle React Native Code And Images */,
			);
			buildRules = (
			);
			dependencies = (
			);
			name = "StudentCompanion-tvOS";
			productName = "StudentCompanion-tvOS";
			productReference = 2D02E47B1E0B4A5D006451C7 /* StudentCompanion-tvOS.app */;
			productType = "com.apple.product-type.application";
		};
		2D02E48F1E0B4A5D006451C7 /* StudentCompanion-tvOSTests */ = {
			isa = PBXNativeTarget;
			buildConfigurationList = 2D02E4BB1E0B4A5E006451C7 /* Build configuration list for PBXNativeTarget "StudentCompanion-tvOSTests" */;
			buildPhases = (
				5D26B7E4EC7B9C9F5A6674EE /* [CP] Check Pods Manifest.lock */,
				2D02E48C1E0B4A5D006451C7 /* Sources */,
				2D02E48D1E0B4A5D006451C7 /* Frameworks */,
				2D02E48E1E0B4A5D006451C7 /* Resources */,
			);
			buildRules = (
			);
			dependencies = (
				2D02E4921E0B4A5D006451C7 /* PBXTargetDependency */,
			);
			name = "StudentCompanion-tvOSTests";
			productName = "StudentCompanion-tvOSTests";
			productReference = 2D02E4901E0B4A5D006451C7 /* StudentCompanion-tvOSTests.xctest */;
			productType = "com.apple.product-type.bundle.unit-test";
		};
/* End PBXNativeTarget section */

/* Begin PBXProject section */
		83CBB9F71A601CBA00E9B192 /* Project object */ = {
			isa = PBXProject;
			attributes = {
				LastUpgradeCheck = 610;
				ORGANIZATIONNAME = Facebook;
				TargetAttributes = {
					00E356ED1AD99517003FC87E = {
						CreatedOnToolsVersion = 6.2;
						DevelopmentTeam = RV75X33TAB;
						TestTargetID = 13B07F861A680F5B00A75B9A;
					};
					13B07F861A680F5B00A75B9A = {
						DevelopmentTeam = RV75X33TAB;
						SystemCapabilities = {
							com.apple.BackgroundModes = {
								enabled = 1;
							};
							com.apple.Push = {
								enabled = 1;
							};
						};
					};
					2D02E47A1E0B4A5D006451C7 = {
						CreatedOnToolsVersion = 8.2.1;
						DevelopmentTeam = RV75X33TAB;
						ProvisioningStyle = Automatic;
					};
					2D02E48F1E0B4A5D006451C7 = {
						CreatedOnToolsVersion = 8.2.1;
						DevelopmentTeam = RV75X33TAB;
						ProvisioningStyle = Automatic;
						TestTargetID = 2D02E47A1E0B4A5D006451C7;
					};
				};
			};
			buildConfigurationList = 83CBB9FA1A601CBA00E9B192 /* Build configuration list for PBXProject "StudentCompanion" */;
			compatibilityVersion = "Xcode 3.2";
			developmentRegion = English;
			hasScannedForEncodings = 0;
			knownRegions = (
				English,
				en,
				Base,
			);
			mainGroup = 83CBB9F61A601CBA00E9B192;
			productRefGroup = 83CBBA001A601CBA00E9B192 /* Products */;
			projectDirPath = "";
			projectReferences = (
				{
					ProductGroup = F3C5B7562017FD990000D6F0 /* Products */;
					ProjectRef = F3C5B7552017FD990000D6F0 /* ReactNativeNavigation.xcodeproj */;
				},
				{
					ProductGroup = 2A43539E2323D8740072A429 /* Products */;
					ProjectRef = 2A43539D2323D8740072A429 /* RNGestureHandler.xcodeproj */;
				},
			);
			projectRoot = "";
			targets = (
				13B07F861A680F5B00A75B9A /* StudentCompanion */,
				00E356ED1AD99517003FC87E /* StudentCompanionTests */,
				2D02E47A1E0B4A5D006451C7 /* StudentCompanion-tvOS */,
				2D02E48F1E0B4A5D006451C7 /* StudentCompanion-tvOSTests */,
			);
		};
/* End PBXProject section */

/* Begin PBXReferenceProxy section */
		2A4353A32323D8740072A429 /* libRNGestureHandler.a */ = {
			isa = PBXReferenceProxy;
			fileType = archive.ar;
			path = libRNGestureHandler.a;
			remoteRef = 2A4353A22323D8740072A429 /* PBXContainerItemProxy */;
			sourceTree = BUILT_PRODUCTS_DIR;
		};
		2A4353A52323D8740072A429 /* libRNGestureHandler-tvOS.a */ = {
			isa = PBXReferenceProxy;
			fileType = archive.ar;
			path = "libRNGestureHandler-tvOS.a";
			remoteRef = 2A4353A42323D8740072A429 /* PBXContainerItemProxy */;
			sourceTree = BUILT_PRODUCTS_DIR;
		};
		F3C5B75C2017FD990000D6F0 /* libReactNativeNavigation.a */ = {
			isa = PBXReferenceProxy;
			fileType = archive.ar;
			path = libReactNativeNavigation.a;
			remoteRef = F3C5B75B2017FD990000D6F0 /* PBXContainerItemProxy */;
			sourceTree = BUILT_PRODUCTS_DIR;
		};
/* End PBXReferenceProxy section */

/* Begin PBXResourcesBuildPhase section */
		00E356EC1AD99517003FC87E /* Resources */ = {
			isa = PBXResourcesBuildPhase;
			buildActionMask = 2147483647;
			files = (
			);
			runOnlyForDeploymentPostprocessing = 0;
		};
		13B07F8E1A680F5B00A75B9A /* Resources */ = {
			isa = PBXResourcesBuildPhase;
			buildActionMask = 2147483647;
			files = (
				13B07FBF1A68108700A75B9A /* Images.xcassets in Resources */,
				F3238FB72085019500D13D08 /* GoogleService-Info.plist in Resources */,
				13B07FBD1A68108700A75B9A /* LaunchScreen.xib in Resources */,
			);
			runOnlyForDeploymentPostprocessing = 0;
		};
		2D02E4791E0B4A5D006451C7 /* Resources */ = {
			isa = PBXResourcesBuildPhase;
			buildActionMask = 2147483647;
			files = (
				2D02E4BD1E0B4A84006451C7 /* Images.xcassets in Resources */,
			);
			runOnlyForDeploymentPostprocessing = 0;
		};
		2D02E48E1E0B4A5D006451C7 /* Resources */ = {
			isa = PBXResourcesBuildPhase;
			buildActionMask = 2147483647;
			files = (
			);
			runOnlyForDeploymentPostprocessing = 0;
		};
/* End PBXResourcesBuildPhase section */

/* Begin PBXShellScriptBuildPhase section */
		00D55C2DDF0F4C0E08D74AD3 /* [CP] Check Pods Manifest.lock */ = {
			isa = PBXShellScriptBuildPhase;
			buildActionMask = 2147483647;
			files = (
			);
			inputFileListPaths = (
			);
			inputPaths = (
				"${PODS_PODFILE_DIR_PATH}/Podfile.lock",
				"${PODS_ROOT}/Manifest.lock",
			);
			name = "[CP] Check Pods Manifest.lock";
			outputFileListPaths = (
			);
			outputPaths = (
				"$(DERIVED_FILE_DIR)/Pods-StudentCompanion-tvOS-checkManifestLockResult.txt",
			);
			runOnlyForDeploymentPostprocessing = 0;
			shellPath = /bin/sh;
			shellScript = "diff \"${PODS_PODFILE_DIR_PATH}/Podfile.lock\" \"${PODS_ROOT}/Manifest.lock\" > /dev/null\nif [ $? != 0 ] ; then\n    # print error to STDERR\n    echo \"error: The sandbox is not in sync with the Podfile.lock. Run 'pod install' or update your CocoaPods installation.\" >&2\n    exit 1\nfi\n# This output is used by Xcode 'outputs' to avoid re-running this script phase.\necho \"SUCCESS\" > \"${SCRIPT_OUTPUT_FILE_0}\"\n";
			showEnvVarsInLog = 0;
		};
		00DD1BFF1BD5951E006B06BC /* Bundle React Native code and images */ = {
			isa = PBXShellScriptBuildPhase;
			buildActionMask = 12;
			files = (
			);
			inputPaths = (
			);
			name = "Bundle React Native code and images";
			outputPaths = (
			);
			runOnlyForDeploymentPostprocessing = 0;
			shellPath = /bin/sh;
			shellScript = "export NODE_BINARY=node\n../node_modules/react-native/scripts/react-native-xcode.sh";
		};
		2D02E4CB1E0B4B27006451C7 /* Bundle React Native Code And Images */ = {
			isa = PBXShellScriptBuildPhase;
			buildActionMask = 12;
			files = (
			);
			inputPaths = (
			);
			name = "Bundle React Native Code And Images";
			outputPaths = (
			);
			runOnlyForDeploymentPostprocessing = 0;
			shellPath = /bin/sh;
			shellScript = "export NODE_BINARY=node\n../node_modules/react-native/scripts/react-native-xcode.sh";
		};
		5D26B7E4EC7B9C9F5A6674EE /* [CP] Check Pods Manifest.lock */ = {
			isa = PBXShellScriptBuildPhase;
			buildActionMask = 2147483647;
			files = (
			);
			inputFileListPaths = (
			);
			inputPaths = (
				"${PODS_PODFILE_DIR_PATH}/Podfile.lock",
				"${PODS_ROOT}/Manifest.lock",
			);
			name = "[CP] Check Pods Manifest.lock";
			outputFileListPaths = (
			);
			outputPaths = (
				"$(DERIVED_FILE_DIR)/Pods-StudentCompanion-tvOSTests-checkManifestLockResult.txt",
			);
			runOnlyForDeploymentPostprocessing = 0;
			shellPath = /bin/sh;
			shellScript = "diff \"${PODS_PODFILE_DIR_PATH}/Podfile.lock\" \"${PODS_ROOT}/Manifest.lock\" > /dev/null\nif [ $? != 0 ] ; then\n    # print error to STDERR\n    echo \"error: The sandbox is not in sync with the Podfile.lock. Run 'pod install' or update your CocoaPods installation.\" >&2\n    exit 1\nfi\n# This output is used by Xcode 'outputs' to avoid re-running this script phase.\necho \"SUCCESS\" > \"${SCRIPT_OUTPUT_FILE_0}\"\n";
			showEnvVarsInLog = 0;
		};
		6F9B0CA1B1835C2EE4DF5AD4 /* [CP] Copy Pods Resources */ = {
			isa = PBXShellScriptBuildPhase;
			buildActionMask = 2147483647;
			files = (
			);
			inputPaths = (
				"${PODS_ROOT}/Target Support Files/Pods-StudentCompanion/Pods-StudentCompanion-resources.sh",
				"${PODS_ROOT}/Paystack/Paystack/Resources/Images/pstck_card_amex.png",
				"${PODS_ROOT}/Paystack/Paystack/Resources/Images/pstck_card_amex@2x.png",
				"${PODS_ROOT}/Paystack/Paystack/Resources/Images/pstck_card_amex@3x.png",
				"${PODS_ROOT}/Paystack/Paystack/Resources/Images/pstck_card_cvc.png",
				"${PODS_ROOT}/Paystack/Paystack/Resources/Images/pstck_card_cvc@2x.png",
				"${PODS_ROOT}/Paystack/Paystack/Resources/Images/pstck_card_cvc@3x.png",
				"${PODS_ROOT}/Paystack/Paystack/Resources/Images/pstck_card_cvc_amex.png",
				"${PODS_ROOT}/Paystack/Paystack/Resources/Images/pstck_card_cvc_amex@2x.png",
				"${PODS_ROOT}/Paystack/Paystack/Resources/Images/pstck_card_cvc_amex@3x.png",
				"${PODS_ROOT}/Paystack/Paystack/Resources/Images/pstck_card_diners.png",
				"${PODS_ROOT}/Paystack/Paystack/Resources/Images/pstck_card_diners@2x.png",
				"${PODS_ROOT}/Paystack/Paystack/Resources/Images/pstck_card_diners@3x.png",
				"${PODS_ROOT}/Paystack/Paystack/Resources/Images/pstck_card_discover.png",
				"${PODS_ROOT}/Paystack/Paystack/Resources/Images/pstck_card_discover@2x.png",
				"${PODS_ROOT}/Paystack/Paystack/Resources/Images/pstck_card_discover@3x.png",
				"${PODS_ROOT}/Paystack/Paystack/Resources/Images/pstck_card_jcb.png",
				"${PODS_ROOT}/Paystack/Paystack/Resources/Images/pstck_card_jcb@2x.png",
				"${PODS_ROOT}/Paystack/Paystack/Resources/Images/pstck_card_jcb@3x.png",
				"${PODS_ROOT}/Paystack/Paystack/Resources/Images/pstck_card_mastercard.png",
				"${PODS_ROOT}/Paystack/Paystack/Resources/Images/pstck_card_mastercard@2x.png",
				"${PODS_ROOT}/Paystack/Paystack/Resources/Images/pstck_card_mastercard@3x.png",
				"${PODS_ROOT}/Paystack/Paystack/Resources/Images/pstck_card_placeholder.png",
				"${PODS_ROOT}/Paystack/Paystack/Resources/Images/pstck_card_placeholder@2x.png",
				"${PODS_ROOT}/Paystack/Paystack/Resources/Images/pstck_card_placeholder@3x.png",
				"${PODS_ROOT}/Paystack/Paystack/Resources/Images/pstck_card_placeholder_template.png",
				"${PODS_ROOT}/Paystack/Paystack/Resources/Images/pstck_card_placeholder_template@2x.png",
				"${PODS_ROOT}/Paystack/Paystack/Resources/Images/pstck_card_placeholder_template@3x.png",
				"${PODS_ROOT}/Paystack/Paystack/Resources/Images/pstck_card_verve.png",
				"${PODS_ROOT}/Paystack/Paystack/Resources/Images/pstck_card_verve@2x.png",
				"${PODS_ROOT}/Paystack/Paystack/Resources/Images/pstck_card_verve@3x.png",
				"${PODS_ROOT}/Paystack/Paystack/Resources/Images/pstck_card_visa.png",
				"${PODS_ROOT}/Paystack/Paystack/Resources/Images/pstck_card_visa@2x.png",
				"${PODS_ROOT}/Paystack/Paystack/Resources/Images/pstck_card_visa@3x.png",
				"${PODS_ROOT}/Paystack/Paystack/Resources/Images",
				"${PODS_CONFIGURATION_BUILD_DIR}/QBImagePickerController/QBImagePicker.bundle",
				"${PODS_ROOT}/RSKImageCropper/RSKImageCropper/RSKImageCropperStrings.bundle",
			);
			name = "[CP] Copy Pods Resources";
			outputPaths = (
				"${TARGET_BUILD_DIR}/${UNLOCALIZED_RESOURCES_FOLDER_PATH}/pstck_card_amex.png",
				"${TARGET_BUILD_DIR}/${UNLOCALIZED_RESOURCES_FOLDER_PATH}/pstck_card_amex@2x.png",
				"${TARGET_BUILD_DIR}/${UNLOCALIZED_RESOURCES_FOLDER_PATH}/pstck_card_amex@3x.png",
				"${TARGET_BUILD_DIR}/${UNLOCALIZED_RESOURCES_FOLDER_PATH}/pstck_card_cvc.png",
				"${TARGET_BUILD_DIR}/${UNLOCALIZED_RESOURCES_FOLDER_PATH}/pstck_card_cvc@2x.png",
				"${TARGET_BUILD_DIR}/${UNLOCALIZED_RESOURCES_FOLDER_PATH}/pstck_card_cvc@3x.png",
				"${TARGET_BUILD_DIR}/${UNLOCALIZED_RESOURCES_FOLDER_PATH}/pstck_card_cvc_amex.png",
				"${TARGET_BUILD_DIR}/${UNLOCALIZED_RESOURCES_FOLDER_PATH}/pstck_card_cvc_amex@2x.png",
				"${TARGET_BUILD_DIR}/${UNLOCALIZED_RESOURCES_FOLDER_PATH}/pstck_card_cvc_amex@3x.png",
				"${TARGET_BUILD_DIR}/${UNLOCALIZED_RESOURCES_FOLDER_PATH}/pstck_card_diners.png",
				"${TARGET_BUILD_DIR}/${UNLOCALIZED_RESOURCES_FOLDER_PATH}/pstck_card_diners@2x.png",
				"${TARGET_BUILD_DIR}/${UNLOCALIZED_RESOURCES_FOLDER_PATH}/pstck_card_diners@3x.png",
				"${TARGET_BUILD_DIR}/${UNLOCALIZED_RESOURCES_FOLDER_PATH}/pstck_card_discover.png",
				"${TARGET_BUILD_DIR}/${UNLOCALIZED_RESOURCES_FOLDER_PATH}/pstck_card_discover@2x.png",
				"${TARGET_BUILD_DIR}/${UNLOCALIZED_RESOURCES_FOLDER_PATH}/pstck_card_discover@3x.png",
				"${TARGET_BUILD_DIR}/${UNLOCALIZED_RESOURCES_FOLDER_PATH}/pstck_card_jcb.png",
				"${TARGET_BUILD_DIR}/${UNLOCALIZED_RESOURCES_FOLDER_PATH}/pstck_card_jcb@2x.png",
				"${TARGET_BUILD_DIR}/${UNLOCALIZED_RESOURCES_FOLDER_PATH}/pstck_card_jcb@3x.png",
				"${TARGET_BUILD_DIR}/${UNLOCALIZED_RESOURCES_FOLDER_PATH}/pstck_card_mastercard.png",
				"${TARGET_BUILD_DIR}/${UNLOCALIZED_RESOURCES_FOLDER_PATH}/pstck_card_mastercard@2x.png",
				"${TARGET_BUILD_DIR}/${UNLOCALIZED_RESOURCES_FOLDER_PATH}/pstck_card_mastercard@3x.png",
				"${TARGET_BUILD_DIR}/${UNLOCALIZED_RESOURCES_FOLDER_PATH}/pstck_card_placeholder.png",
				"${TARGET_BUILD_DIR}/${UNLOCALIZED_RESOURCES_FOLDER_PATH}/pstck_card_placeholder@2x.png",
				"${TARGET_BUILD_DIR}/${UNLOCALIZED_RESOURCES_FOLDER_PATH}/pstck_card_placeholder@3x.png",
				"${TARGET_BUILD_DIR}/${UNLOCALIZED_RESOURCES_FOLDER_PATH}/pstck_card_placeholder_template.png",
				"${TARGET_BUILD_DIR}/${UNLOCALIZED_RESOURCES_FOLDER_PATH}/pstck_card_placeholder_template@2x.png",
				"${TARGET_BUILD_DIR}/${UNLOCALIZED_RESOURCES_FOLDER_PATH}/pstck_card_placeholder_template@3x.png",
				"${TARGET_BUILD_DIR}/${UNLOCALIZED_RESOURCES_FOLDER_PATH}/pstck_card_verve.png",
				"${TARGET_BUILD_DIR}/${UNLOCALIZED_RESOURCES_FOLDER_PATH}/pstck_card_verve@2x.png",
				"${TARGET_BUILD_DIR}/${UNLOCALIZED_RESOURCES_FOLDER_PATH}/pstck_card_verve@3x.png",
				"${TARGET_BUILD_DIR}/${UNLOCALIZED_RESOURCES_FOLDER_PATH}/pstck_card_visa.png",
				"${TARGET_BUILD_DIR}/${UNLOCALIZED_RESOURCES_FOLDER_PATH}/pstck_card_visa@2x.png",
				"${TARGET_BUILD_DIR}/${UNLOCALIZED_RESOURCES_FOLDER_PATH}/pstck_card_visa@3x.png",
				"${TARGET_BUILD_DIR}/${UNLOCALIZED_RESOURCES_FOLDER_PATH}/Images",
				"${TARGET_BUILD_DIR}/${UNLOCALIZED_RESOURCES_FOLDER_PATH}/QBImagePicker.bundle",
				"${TARGET_BUILD_DIR}/${UNLOCALIZED_RESOURCES_FOLDER_PATH}/RSKImageCropperStrings.bundle",
			);
			runOnlyForDeploymentPostprocessing = 0;
			shellPath = /bin/sh;
			shellScript = "\"${PODS_ROOT}/Target Support Files/Pods-StudentCompanion/Pods-StudentCompanion-resources.sh\"\n";
			showEnvVarsInLog = 0;
		};
		B3D90F9F00060B99C6C97307 /* [CP] Check Pods Manifest.lock */ = {
			isa = PBXShellScriptBuildPhase;
			buildActionMask = 2147483647;
			files = (
			);
			inputFileListPaths = (
			);
			inputPaths = (
				"${PODS_PODFILE_DIR_PATH}/Podfile.lock",
				"${PODS_ROOT}/Manifest.lock",
			);
			name = "[CP] Check Pods Manifest.lock";
			outputFileListPaths = (
			);
			outputPaths = (
				"$(DERIVED_FILE_DIR)/Pods-StudentCompanionTests-checkManifestLockResult.txt",
			);
			runOnlyForDeploymentPostprocessing = 0;
			shellPath = /bin/sh;
			shellScript = "diff \"${PODS_PODFILE_DIR_PATH}/Podfile.lock\" \"${PODS_ROOT}/Manifest.lock\" > /dev/null\nif [ $? != 0 ] ; then\n    # print error to STDERR\n    echo \"error: The sandbox is not in sync with the Podfile.lock. Run 'pod install' or update your CocoaPods installation.\" >&2\n    exit 1\nfi\n# This output is used by Xcode 'outputs' to avoid re-running this script phase.\necho \"SUCCESS\" > \"${SCRIPT_OUTPUT_FILE_0}\"\n";
			showEnvVarsInLog = 0;
		};
		D6C323F88A75F66EF583AECE /* [CP] Check Pods Manifest.lock */ = {
			isa = PBXShellScriptBuildPhase;
			buildActionMask = 2147483647;
			files = (
			);
			inputFileListPaths = (
			);
			inputPaths = (
				"${PODS_PODFILE_DIR_PATH}/Podfile.lock",
				"${PODS_ROOT}/Manifest.lock",
			);
			name = "[CP] Check Pods Manifest.lock";
			outputFileListPaths = (
			);
			outputPaths = (
				"$(DERIVED_FILE_DIR)/Pods-StudentCompanion-checkManifestLockResult.txt",
			);
			runOnlyForDeploymentPostprocessing = 0;
			shellPath = /bin/sh;
			shellScript = "diff \"${PODS_PODFILE_DIR_PATH}/Podfile.lock\" \"${PODS_ROOT}/Manifest.lock\" > /dev/null\nif [ $? != 0 ] ; then\n    # print error to STDERR\n    echo \"error: The sandbox is not in sync with the Podfile.lock. Run 'pod install' or update your CocoaPods installation.\" >&2\n    exit 1\nfi\n# This output is used by Xcode 'outputs' to avoid re-running this script phase.\necho \"SUCCESS\" > \"${SCRIPT_OUTPUT_FILE_0}\"\n";
			showEnvVarsInLog = 0;
		};
		F3510C35202681B10015056F /* Run Script */ = {
			isa = PBXShellScriptBuildPhase;
			buildActionMask = 12;
			files = (
			);
			inputPaths = (
			);
			name = "Run Script";
			outputPaths = (
			);
			runOnlyForDeploymentPostprocessing = 0;
			shellPath = /bin/sh;
			shellScript = "./Fabric.framework/run 774a1ab617ec8d3d0d8bb1e2acf9a43e58380d79 744bd8ba8516dcb79e8177690512c8a46bbe386a1e73dcc292574e60e4eed10e";
		};
/* End PBXShellScriptBuildPhase section */

/* Begin PBXSourcesBuildPhase section */
		00E356EA1AD99517003FC87E /* Sources */ = {
			isa = PBXSourcesBuildPhase;
			buildActionMask = 2147483647;
			files = (
				00E356F31AD99517003FC87E /* StudentCompanionTests.m in Sources */,
			);
			runOnlyForDeploymentPostprocessing = 0;
		};
		13B07F871A680F5B00A75B9A /* Sources */ = {
			isa = PBXSourcesBuildPhase;
			buildActionMask = 2147483647;
			files = (
				F3FE407D20446D8100320E1A /* Crashlytics.framework in Sources */,
				F3FE407E20446D8100320E1A /* Fabric.framework in Sources */,
				13B07FBC1A68108700A75B9A /* AppDelegate.m in Sources */,
				F3C41735201A8D64000BEAE1 /* RCTPushNotificationManager.m in Sources */,
				13B07FC11A68108700A75B9A /* main.m in Sources */,
			);
			runOnlyForDeploymentPostprocessing = 0;
		};
		2D02E4771E0B4A5D006451C7 /* Sources */ = {
			isa = PBXSourcesBuildPhase;
			buildActionMask = 2147483647;
			files = (
				2D02E4BF1E0B4AB3006451C7 /* main.m in Sources */,
				2D02E4BC1E0B4A80006451C7 /* AppDelegate.m in Sources */,
			);
			runOnlyForDeploymentPostprocessing = 0;
		};
		2D02E48C1E0B4A5D006451C7 /* Sources */ = {
			isa = PBXSourcesBuildPhase;
			buildActionMask = 2147483647;
			files = (
				2DCD954D1E0B4F2C00145EB5 /* StudentCompanionTests.m in Sources */,
			);
			runOnlyForDeploymentPostprocessing = 0;
		};
/* End PBXSourcesBuildPhase section */

/* Begin PBXTargetDependency section */
		00E356F51AD99517003FC87E /* PBXTargetDependency */ = {
			isa = PBXTargetDependency;
			target = 13B07F861A680F5B00A75B9A /* StudentCompanion */;
			targetProxy = 00E356F41AD99517003FC87E /* PBXContainerItemProxy */;
		};
		2D02E4921E0B4A5D006451C7 /* PBXTargetDependency */ = {
			isa = PBXTargetDependency;
			target = 2D02E47A1E0B4A5D006451C7 /* StudentCompanion-tvOS */;
			targetProxy = 2D02E4911E0B4A5D006451C7 /* PBXContainerItemProxy */;
		};
/* End PBXTargetDependency section */

/* Begin PBXVariantGroup section */
		13B07FB11A68108700A75B9A /* LaunchScreen.xib */ = {
			isa = PBXVariantGroup;
			children = (
				13B07FB21A68108700A75B9A /* Base */,
			);
			name = LaunchScreen.xib;
			path = StudentCompanion;
			sourceTree = "<group>";
		};
/* End PBXVariantGroup section */

/* Begin XCBuildConfiguration section */
		00E356F61AD99517003FC87E /* Debug */ = {
			isa = XCBuildConfiguration;
			baseConfigurationReference = 3B7221570DED7429A1F30635 /* Pods-StudentCompanionTests.debug.xcconfig */;
			buildSettings = {
				BUNDLE_LOADER = "$(TEST_HOST)";
				DEVELOPMENT_TEAM = RV75X33TAB;
				GCC_PREPROCESSOR_DEFINITIONS = (
					"DEBUG=1",
					"$(inherited)",
				);
				HEADER_SEARCH_PATHS = (
					"$(inherited)",
					"$(SRCROOT)/../node_modules/react-native-device-info/RNDeviceInfo",
					"$(SRCROOT)/../node_modules/react-native-image-picker/ios",
				);
				INFOPLIST_FILE = StudentCompanionTests/Info.plist;
				IPHONEOS_DEPLOYMENT_TARGET = 8.0;
				LD_RUNPATH_SEARCH_PATHS = "$(inherited) @executable_path/Frameworks @loader_path/Frameworks";
				LIBRARY_SEARCH_PATHS = "$(inherited)";
				OTHER_LDFLAGS = (
					"-ObjC",
					"-lc++",
					"$(inherited)",
				);
				PRODUCT_NAME = "$(TARGET_NAME)";
				TEST_HOST = "$(BUILT_PRODUCTS_DIR)/StudentCompanion.app/StudentCompanion";
			};
			name = Debug;
		};
		00E356F71AD99517003FC87E /* Release */ = {
			isa = XCBuildConfiguration;
			baseConfigurationReference = 21755AE65AC85F76FF31EFB2 /* Pods-StudentCompanionTests.release.xcconfig */;
			buildSettings = {
				BUNDLE_LOADER = "$(TEST_HOST)";
				COPY_PHASE_STRIP = NO;
				DEVELOPMENT_TEAM = RV75X33TAB;
				HEADER_SEARCH_PATHS = (
					"$(inherited)",
					"$(SRCROOT)/../node_modules/react-native-device-info/RNDeviceInfo",
					"$(SRCROOT)/../node_modules/react-native-image-picker/ios",
				);
				INFOPLIST_FILE = StudentCompanionTests/Info.plist;
				IPHONEOS_DEPLOYMENT_TARGET = 8.0;
				LD_RUNPATH_SEARCH_PATHS = "$(inherited) @executable_path/Frameworks @loader_path/Frameworks";
				LIBRARY_SEARCH_PATHS = "$(inherited)";
				OTHER_LDFLAGS = (
					"-ObjC",
					"-lc++",
					"$(inherited)",
				);
				PRODUCT_NAME = "$(TARGET_NAME)";
				TEST_HOST = "$(BUILT_PRODUCTS_DIR)/StudentCompanion.app/StudentCompanion";
			};
			name = Release;
		};
		13B07F941A680F5B00A75B9A /* Debug */ = {
			isa = XCBuildConfiguration;
			baseConfigurationReference = 3A9680FAD76CD395D26F42A8 /* Pods-StudentCompanion.debug.xcconfig */;
			buildSettings = {
				ASSETCATALOG_COMPILER_APPICON_NAME = AppIcon;
				CODE_SIGN_ENTITLEMENTS = StudentCompanion/StudentCompanion.entitlements;
				CURRENT_PROJECT_VERSION = 1;
				DEAD_CODE_STRIPPING = NO;
				DEVELOPMENT_TEAM = RV75X33TAB;
				FRAMEWORK_SEARCH_PATHS = (
					"$(inherited)",
					"$(PROJECT_DIR)",
				);
				HEADER_SEARCH_PATHS = (
					"$(inherited)",
					"$(SRCROOT)/../node_modules/react-native-device-info/RNDeviceInfo",
					"$(SRCROOT)/../node_modules/react-native-image-picker/ios",
					"$(SRCROOT)/../node_modules/react-native-camera-kit/ios",
					"$(SRCROOT)/../node_modules/react-native-fcm/ios/**",
				);
				INFOPLIST_FILE = StudentCompanion/Info.plist;
				LD_RUNPATH_SEARCH_PATHS = "$(inherited) @executable_path/Frameworks";
				LIBRARY_SEARCH_PATHS = (
					"$(inherited)",
					"\"${PODS_ROOT}/Google/Libraries\"",
					"\"$PODS_CONFIGURATION_BUILD_DIR/GoogleToolboxForMac\"",
				);
				OTHER_LDFLAGS = (
					"$(inherited)",
					"-ObjC",
					"-lc++",
				);
				PRODUCT_NAME = StudentCompanion;
				VERSIONING_SYSTEM = "apple-generic";
			};
			name = Debug;
		};
		13B07F951A680F5B00A75B9A /* Release */ = {
			isa = XCBuildConfiguration;
			baseConfigurationReference = 75DF2D0E5FA1F8A5CA116463 /* Pods-StudentCompanion.release.xcconfig */;
			buildSettings = {
				ASSETCATALOG_COMPILER_APPICON_NAME = AppIcon;
				CODE_SIGN_ENTITLEMENTS = StudentCompanion/StudentCompanion.entitlements;
				CURRENT_PROJECT_VERSION = 1;
				DEVELOPMENT_TEAM = RV75X33TAB;
				FRAMEWORK_SEARCH_PATHS = (
					"$(inherited)",
					"$(PROJECT_DIR)",
				);
				HEADER_SEARCH_PATHS = (
					"$(inherited)",
					"$(SRCROOT)/../node_modules/react-native-device-info/RNDeviceInfo",
					"$(SRCROOT)/../node_modules/react-native-image-picker/ios",
					"$(SRCROOT)/../node_modules/react-native-camera-kit/ios",
					"$(SRCROOT)/../node_modules/react-native-fcm/ios/**",
				);
				INFOPLIST_FILE = StudentCompanion/Info.plist;
				LD_RUNPATH_SEARCH_PATHS = "$(inherited) @executable_path/Frameworks";
				LIBRARY_SEARCH_PATHS = (
					"$(inherited)",
					"\"$PODS_CONFIGURATION_BUILD_DIR/GoogleToolboxForMac\"",
					"\"$PODS_CONFIGURATION_BUILD_DIR/Protobuf\"",
					"\"$PODS_CONFIGURATION_BUILD_DIR/React\"",
					"\"$PODS_CONFIGURATION_BUILD_DIR/nanopb\"",
					"\"$PODS_CONFIGURATION_BUILD_DIR/react-native-camera-kit\"",
					"\"$PODS_CONFIGURATION_BUILD_DIR/react-native-fetch-blob\"",
					"$(inherited)",
					"\"${PODS_ROOT}/Google/Libraries\"",
				);
				OTHER_LDFLAGS = (
					"$(inherited)",
					"-ObjC",
					"-lc++",
				);
				PRODUCT_NAME = StudentCompanion;
				VERSIONING_SYSTEM = "apple-generic";
			};
			name = Release;
		};
		2D02E4971E0B4A5E006451C7 /* Debug */ = {
			isa = XCBuildConfiguration;
			baseConfigurationReference = 7A6F7056C1A0FB49A7D74DBE /* Pods-StudentCompanion-tvOS.debug.xcconfig */;
			buildSettings = {
				ASSETCATALOG_COMPILER_APPICON_NAME = "App Icon & Top Shelf Image";
				ASSETCATALOG_COMPILER_LAUNCHIMAGE_NAME = LaunchImage;
				CLANG_ANALYZER_NONNULL = YES;
				CLANG_WARN_DOCUMENTATION_COMMENTS = YES;
				CLANG_WARN_INFINITE_RECURSION = YES;
				CLANG_WARN_SUSPICIOUS_MOVE = YES;
				DEBUG_INFORMATION_FORMAT = dwarf;
				DEVELOPMENT_TEAM = RV75X33TAB;
				ENABLE_TESTABILITY = YES;
				GCC_NO_COMMON_BLOCKS = YES;
				HEADER_SEARCH_PATHS = (
					"$(inherited)",
					"$(SRCROOT)/../node_modules/react-native-device-info/RNDeviceInfo",
					"$(SRCROOT)/../node_modules/react-native-image-picker/ios",
					"$(SRCROOT)/../node_modules/react-native-camera-kit/ios",
				);
				INFOPLIST_FILE = "StudentCompanion-tvOS/Info.plist";
				LD_RUNPATH_SEARCH_PATHS = "$(inherited) @executable_path/Frameworks";
				LIBRARY_SEARCH_PATHS = "$(inherited)";
				OTHER_LDFLAGS = (
					"-ObjC",
					"-lc++",
					"$(inherited)",
				);
				PRODUCT_BUNDLE_IDENTIFIER = "com.facebook.REACT.StudentCompanion-tvOS";
				PRODUCT_NAME = "$(TARGET_NAME)";
				SDKROOT = appletvos;
				TARGETED_DEVICE_FAMILY = 3;
				TVOS_DEPLOYMENT_TARGET = 9.2;
			};
			name = Debug;
		};
		2D02E4981E0B4A5E006451C7 /* Release */ = {
			isa = XCBuildConfiguration;
			baseConfigurationReference = 3F44405752322D11874A17AA /* Pods-StudentCompanion-tvOS.release.xcconfig */;
			buildSettings = {
				ASSETCATALOG_COMPILER_APPICON_NAME = "App Icon & Top Shelf Image";
				ASSETCATALOG_COMPILER_LAUNCHIMAGE_NAME = LaunchImage;
				CLANG_ANALYZER_NONNULL = YES;
				CLANG_WARN_DOCUMENTATION_COMMENTS = YES;
				CLANG_WARN_INFINITE_RECURSION = YES;
				CLANG_WARN_SUSPICIOUS_MOVE = YES;
				COPY_PHASE_STRIP = NO;
				DEBUG_INFORMATION_FORMAT = "dwarf-with-dsym";
				DEVELOPMENT_TEAM = RV75X33TAB;
				GCC_NO_COMMON_BLOCKS = YES;
				HEADER_SEARCH_PATHS = (
					"$(inherited)",
					"$(SRCROOT)/../node_modules/react-native-device-info/RNDeviceInfo",
					"$(SRCROOT)/../node_modules/react-native-image-picker/ios",
					"$(SRCROOT)/../node_modules/react-native-camera-kit/ios",
				);
				INFOPLIST_FILE = "StudentCompanion-tvOS/Info.plist";
				LD_RUNPATH_SEARCH_PATHS = "$(inherited) @executable_path/Frameworks";
				LIBRARY_SEARCH_PATHS = "$(inherited)";
				OTHER_LDFLAGS = (
					"-ObjC",
					"-lc++",
					"$(inherited)",
				);
				PRODUCT_BUNDLE_IDENTIFIER = "com.facebook.REACT.StudentCompanion-tvOS";
				PRODUCT_NAME = "$(TARGET_NAME)";
				SDKROOT = appletvos;
				TARGETED_DEVICE_FAMILY = 3;
				TVOS_DEPLOYMENT_TARGET = 9.2;
			};
			name = Release;
		};
		2D02E4991E0B4A5E006451C7 /* Debug */ = {
			isa = XCBuildConfiguration;
			baseConfigurationReference = 8576EDE58A2F07B93D2C25E9 /* Pods-StudentCompanion-tvOSTests.debug.xcconfig */;
			buildSettings = {
				BUNDLE_LOADER = "$(TEST_HOST)";
				CLANG_ANALYZER_NONNULL = YES;
				CLANG_WARN_DOCUMENTATION_COMMENTS = YES;
				CLANG_WARN_INFINITE_RECURSION = YES;
				CLANG_WARN_SUSPICIOUS_MOVE = YES;
				DEBUG_INFORMATION_FORMAT = dwarf;
				DEVELOPMENT_TEAM = RV75X33TAB;
				ENABLE_TESTABILITY = YES;
				GCC_NO_COMMON_BLOCKS = YES;
				INFOPLIST_FILE = "StudentCompanion-tvOSTests/Info.plist";
				LD_RUNPATH_SEARCH_PATHS = "$(inherited) @executable_path/Frameworks @loader_path/Frameworks";
				LIBRARY_SEARCH_PATHS = "$(inherited)";
				PRODUCT_BUNDLE_IDENTIFIER = "com.facebook.REACT.StudentCompanion-tvOSTests";
				PRODUCT_NAME = "$(TARGET_NAME)";
				SDKROOT = appletvos;
				TEST_HOST = "$(BUILT_PRODUCTS_DIR)/StudentCompanion-tvOS.app/StudentCompanion-tvOS";
				TVOS_DEPLOYMENT_TARGET = 10.1;
			};
			name = Debug;
		};
		2D02E49A1E0B4A5E006451C7 /* Release */ = {
			isa = XCBuildConfiguration;
			baseConfigurationReference = DE3C3384007F4BE5627CA445 /* Pods-StudentCompanion-tvOSTests.release.xcconfig */;
			buildSettings = {
				BUNDLE_LOADER = "$(TEST_HOST)";
				CLANG_ANALYZER_NONNULL = YES;
				CLANG_WARN_DOCUMENTATION_COMMENTS = YES;
				CLANG_WARN_INFINITE_RECURSION = YES;
				CLANG_WARN_SUSPICIOUS_MOVE = YES;
				COPY_PHASE_STRIP = NO;
				DEBUG_INFORMATION_FORMAT = "dwarf-with-dsym";
				DEVELOPMENT_TEAM = RV75X33TAB;
				GCC_NO_COMMON_BLOCKS = YES;
				INFOPLIST_FILE = "StudentCompanion-tvOSTests/Info.plist";
				LD_RUNPATH_SEARCH_PATHS = "$(inherited) @executable_path/Frameworks @loader_path/Frameworks";
				LIBRARY_SEARCH_PATHS = "$(inherited)";
				PRODUCT_BUNDLE_IDENTIFIER = "com.facebook.REACT.StudentCompanion-tvOSTests";
				PRODUCT_NAME = "$(TARGET_NAME)";
				SDKROOT = appletvos;
				TEST_HOST = "$(BUILT_PRODUCTS_DIR)/StudentCompanion-tvOS.app/StudentCompanion-tvOS";
				TVOS_DEPLOYMENT_TARGET = 10.1;
			};
			name = Release;
		};
		83CBBA201A601CBA00E9B192 /* Debug */ = {
			isa = XCBuildConfiguration;
			buildSettings = {
				ALWAYS_SEARCH_USER_PATHS = NO;
				CLANG_CXX_LANGUAGE_STANDARD = "gnu++0x";
				CLANG_CXX_LIBRARY = "libc++";
				CLANG_ENABLE_MODULES = YES;
				CLANG_ENABLE_OBJC_ARC = YES;
				CLANG_WARN_BOOL_CONVERSION = YES;
				CLANG_WARN_CONSTANT_CONVERSION = YES;
				CLANG_WARN_DIRECT_OBJC_ISA_USAGE = YES_ERROR;
				CLANG_WARN_EMPTY_BODY = YES;
				CLANG_WARN_ENUM_CONVERSION = YES;
				CLANG_WARN_INT_CONVERSION = YES;
				CLANG_WARN_OBJC_ROOT_CLASS = YES_ERROR;
				CLANG_WARN_UNREACHABLE_CODE = YES;
				CLANG_WARN__DUPLICATE_METHOD_MATCH = YES;
				"CODE_SIGN_IDENTITY[sdk=iphoneos*]" = "iPhone Developer";
				COPY_PHASE_STRIP = NO;
				ENABLE_STRICT_OBJC_MSGSEND = YES;
				GCC_C_LANGUAGE_STANDARD = gnu99;
				GCC_DYNAMIC_NO_PIC = NO;
				GCC_OPTIMIZATION_LEVEL = 0;
				GCC_PREPROCESSOR_DEFINITIONS = (
					"DEBUG=1",
					"$(inherited)",
				);
				GCC_SYMBOLS_PRIVATE_EXTERN = NO;
				GCC_WARN_64_TO_32_BIT_CONVERSION = YES;
				GCC_WARN_ABOUT_RETURN_TYPE = YES_ERROR;
				GCC_WARN_UNDECLARED_SELECTOR = YES;
				GCC_WARN_UNINITIALIZED_AUTOS = YES_AGGRESSIVE;
				GCC_WARN_UNUSED_FUNCTION = YES;
				GCC_WARN_UNUSED_VARIABLE = YES;
				IPHONEOS_DEPLOYMENT_TARGET = 8.0;
				MTL_ENABLE_DEBUG_INFO = YES;
				ONLY_ACTIVE_ARCH = YES;
				SDKROOT = iphoneos;
			};
			name = Debug;
		};
		83CBBA211A601CBA00E9B192 /* Release */ = {
			isa = XCBuildConfiguration;
			buildSettings = {
				ALWAYS_SEARCH_USER_PATHS = NO;
				CLANG_CXX_LANGUAGE_STANDARD = "gnu++0x";
				CLANG_CXX_LIBRARY = "libc++";
				CLANG_ENABLE_MODULES = YES;
				CLANG_ENABLE_OBJC_ARC = YES;
				CLANG_WARN_BOOL_CONVERSION = YES;
				CLANG_WARN_CONSTANT_CONVERSION = YES;
				CLANG_WARN_DIRECT_OBJC_ISA_USAGE = YES_ERROR;
				CLANG_WARN_EMPTY_BODY = YES;
				CLANG_WARN_ENUM_CONVERSION = YES;
				CLANG_WARN_INT_CONVERSION = YES;
				CLANG_WARN_OBJC_ROOT_CLASS = YES_ERROR;
				CLANG_WARN_UNREACHABLE_CODE = YES;
				CLANG_WARN__DUPLICATE_METHOD_MATCH = YES;
				"CODE_SIGN_IDENTITY[sdk=iphoneos*]" = "iPhone Developer";
				COPY_PHASE_STRIP = YES;
				ENABLE_NS_ASSERTIONS = NO;
				ENABLE_STRICT_OBJC_MSGSEND = YES;
				GCC_C_LANGUAGE_STANDARD = gnu99;
				GCC_WARN_64_TO_32_BIT_CONVERSION = YES;
				GCC_WARN_ABOUT_RETURN_TYPE = YES_ERROR;
				GCC_WARN_UNDECLARED_SELECTOR = YES;
				GCC_WARN_UNINITIALIZED_AUTOS = YES_AGGRESSIVE;
				GCC_WARN_UNUSED_FUNCTION = YES;
				GCC_WARN_UNUSED_VARIABLE = YES;
				IPHONEOS_DEPLOYMENT_TARGET = 8.0;
				MTL_ENABLE_DEBUG_INFO = NO;
				SDKROOT = iphoneos;
				VALIDATE_PRODUCT = YES;
			};
			name = Release;
		};
/* End XCBuildConfiguration section */

/* Begin XCConfigurationList section */
		00E357021AD99517003FC87E /* Build configuration list for PBXNativeTarget "StudentCompanionTests" */ = {
			isa = XCConfigurationList;
			buildConfigurations = (
				00E356F61AD99517003FC87E /* Debug */,
				00E356F71AD99517003FC87E /* Release */,
			);
			defaultConfigurationIsVisible = 0;
			defaultConfigurationName = Release;
		};
		13B07F931A680F5B00A75B9A /* Build configuration list for PBXNativeTarget "StudentCompanion" */ = {
			isa = XCConfigurationList;
			buildConfigurations = (
				13B07F941A680F5B00A75B9A /* Debug */,
				13B07F951A680F5B00A75B9A /* Release */,
			);
			defaultConfigurationIsVisible = 0;
			defaultConfigurationName = Release;
		};
		2D02E4BA1E0B4A5E006451C7 /* Build configuration list for PBXNativeTarget "StudentCompanion-tvOS" */ = {
			isa = XCConfigurationList;
			buildConfigurations = (
				2D02E4971E0B4A5E006451C7 /* Debug */,
				2D02E4981E0B4A5E006451C7 /* Release */,
			);
			defaultConfigurationIsVisible = 0;
			defaultConfigurationName = Release;
		};
		2D02E4BB1E0B4A5E006451C7 /* Build configuration list for PBXNativeTarget "StudentCompanion-tvOSTests" */ = {
			isa = XCConfigurationList;
			buildConfigurations = (
				2D02E4991E0B4A5E006451C7 /* Debug */,
				2D02E49A1E0B4A5E006451C7 /* Release */,
			);
			defaultConfigurationIsVisible = 0;
			defaultConfigurationName = Release;
		};
		83CBB9FA1A601CBA00E9B192 /* Build configuration list for PBXProject "StudentCompanion" */ = {
			isa = XCConfigurationList;
			buildConfigurations = (
				83CBBA201A601CBA00E9B192 /* Debug */,
				83CBBA211A601CBA00E9B192 /* Release */,
			);
			defaultConfigurationIsVisible = 0;
			defaultConfigurationName = Release;
		};
/* End XCConfigurationList section */
	};
	rootObject = 83CBB9F71A601CBA00E9B192 /* Project object */;
}
